// !$*UTF8*$!
{
	archiveVersion = 1;
	classes = {
	};
	objectVersion = 55;
	objects = {

/* Begin PBXBuildFile section */
		934E701F2831E80B00D733F2 /* Model.xcdatamodeld in Sources */ = {isa = PBXBuildFile; fileRef = 934E701D2831E80B00D733F2 /* Model.xcdatamodeld */; };
		934E70212831EC8700D733F2 /* MealView.swift in Sources */ = {isa = PBXBuildFile; fileRef = 934E70202831EC8700D733F2 /* MealView.swift */; };
		934E70232831ECB600D733F2 /* ClassView.swift in Sources */ = {isa = PBXBuildFile; fileRef = 934E70222831ECB600D733F2 /* ClassView.swift */; };
		934E70252831ECE700D733F2 /* PointView.swift in Sources */ = {isa = PBXBuildFile; fileRef = 934E70242831ECE700D733F2 /* PointView.swift */; };
		934E70272831ED1E00D733F2 /* SettingsView.swift in Sources */ = {isa = PBXBuildFile; fileRef = 934E70262831ED1E00D733F2 /* SettingsView.swift */; };
		935C42E42831C42900A5E7DB /* MiniDodam WatchKit App.app in Embed Watch Content */ = {isa = PBXBuildFile; fileRef = 935C42E32831C42900A5E7DB /* MiniDodam WatchKit App.app */; settings = {ATTRIBUTES = (RemoveHeadersOnCopy, ); }; };
		935C42E92831C42A00A5E7DB /* Assets.xcassets in Resources */ = {isa = PBXBuildFile; fileRef = 935C42E82831C42A00A5E7DB /* Assets.xcassets */; };
		935C42EF2831C42A00A5E7DB /* MiniDodam WatchKit Extension.appex in Embed App Extensions */ = {isa = PBXBuildFile; fileRef = 935C42EE2831C42A00A5E7DB /* MiniDodam WatchKit Extension.appex */; settings = {ATTRIBUTES = (RemoveHeadersOnCopy, ); }; };
		935C42F42831C42A00A5E7DB /* MiniDodamApp.swift in Sources */ = {isa = PBXBuildFile; fileRef = 935C42F32831C42A00A5E7DB /* MiniDodamApp.swift */; };
		935C42F62831C42A00A5E7DB /* ContentView.swift in Sources */ = {isa = PBXBuildFile; fileRef = 935C42F52831C42A00A5E7DB /* ContentView.swift */; };
		935C42F82831C42A00A5E7DB /* NotificationController.swift in Sources */ = {isa = PBXBuildFile; fileRef = 935C42F72831C42A00A5E7DB /* NotificationController.swift */; };
		935C42FA2831C42A00A5E7DB /* NotificationView.swift in Sources */ = {isa = PBXBuildFile; fileRef = 935C42F92831C42A00A5E7DB /* NotificationView.swift */; };
		935C42FC2831C42A00A5E7DB /* ComplicationController.swift in Sources */ = {isa = PBXBuildFile; fileRef = 935C42FB2831C42A00A5E7DB /* ComplicationController.swift */; };
		935C42FE2831C42B00A5E7DB /* Assets.xcassets in Resources */ = {isa = PBXBuildFile; fileRef = 935C42FD2831C42B00A5E7DB /* Assets.xcassets */; };
		935C43012831C42B00A5E7DB /* Preview Assets.xcassets in Resources */ = {isa = PBXBuildFile; fileRef = 935C43002831C42B00A5E7DB /* Preview Assets.xcassets */; };
		935C430D2831C42B00A5E7DB /* MiniDodamTests.swift in Sources */ = {isa = PBXBuildFile; fileRef = 935C430C2831C42B00A5E7DB /* MiniDodamTests.swift */; };
		935C43172831C42B00A5E7DB /* MiniDodamUITests.swift in Sources */ = {isa = PBXBuildFile; fileRef = 935C43162831C42B00A5E7DB /* MiniDodamUITests.swift */; };
		935C43192831C42B00A5E7DB /* MiniDodamUITestsLaunchTests.swift in Sources */ = {isa = PBXBuildFile; fileRef = 935C43182831C42B00A5E7DB /* MiniDodamUITestsLaunchTests.swift */; };
/* End PBXBuildFile section */

/* Begin PBXContainerItemProxy section */
		935C42E52831C42900A5E7DB /* PBXContainerItemProxy */ = {
			isa = PBXContainerItemProxy;
			containerPortal = 935C42D92831C42900A5E7DB /* Project object */;
			proxyType = 1;
			remoteGlobalIDString = 935C42E22831C42900A5E7DB;
			remoteInfo = "MiniDodam WatchKit App";
		};
		935C42F02831C42A00A5E7DB /* PBXContainerItemProxy */ = {
			isa = PBXContainerItemProxy;
			containerPortal = 935C42D92831C42900A5E7DB /* Project object */;
			proxyType = 1;
			remoteGlobalIDString = 935C42ED2831C42A00A5E7DB;
			remoteInfo = "MiniDodam WatchKit Extension";
		};
		935C43092831C42B00A5E7DB /* PBXContainerItemProxy */ = {
			isa = PBXContainerItemProxy;
			containerPortal = 935C42D92831C42900A5E7DB /* Project object */;
			proxyType = 1;
			remoteGlobalIDString = 935C42ED2831C42A00A5E7DB;
			remoteInfo = "MiniDodam WatchKit Extension";
		};
		935C43132831C42B00A5E7DB /* PBXContainerItemProxy */ = {
			isa = PBXContainerItemProxy;
			containerPortal = 935C42D92831C42900A5E7DB /* Project object */;
			proxyType = 1;
			remoteGlobalIDString = 935C42E22831C42900A5E7DB;
			remoteInfo = "MiniDodam WatchKit App";
		};
/* End PBXContainerItemProxy section */

/* Begin PBXCopyFilesBuildPhase section */
		935C431F2831C42B00A5E7DB /* Embed App Extensions */ = {
			isa = PBXCopyFilesBuildPhase;
			buildActionMask = 2147483647;
			dstPath = "";
			dstSubfolderSpec = 13;
			files = (
				935C42EF2831C42A00A5E7DB /* MiniDodam WatchKit Extension.appex in Embed App Extensions */,
			);
			name = "Embed App Extensions";
			runOnlyForDeploymentPostprocessing = 0;
		};
		935C43232831C42B00A5E7DB /* Embed Watch Content */ = {
			isa = PBXCopyFilesBuildPhase;
			buildActionMask = 2147483647;
			dstPath = "$(CONTENTS_FOLDER_PATH)/Watch";
			dstSubfolderSpec = 16;
			files = (
				935C42E42831C42900A5E7DB /* MiniDodam WatchKit App.app in Embed Watch Content */,
			);
			name = "Embed Watch Content";
			runOnlyForDeploymentPostprocessing = 0;
		};
/* End PBXCopyFilesBuildPhase section */

/* Begin PBXFileReference section */
		934E701E2831E80B00D733F2 /* Model.xcdatamodel */ = {isa = PBXFileReference; lastKnownFileType = wrapper.xcdatamodel; path = Model.xcdatamodel; sourceTree = "<group>"; };
		934E70202831EC8700D733F2 /* MealView.swift */ = {isa = PBXFileReference; lastKnownFileType = sourcecode.swift; path = MealView.swift; sourceTree = "<group>"; };
		934E70222831ECB600D733F2 /* ClassView.swift */ = {isa = PBXFileReference; lastKnownFileType = sourcecode.swift; path = ClassView.swift; sourceTree = "<group>"; };
		934E70242831ECE700D733F2 /* PointView.swift */ = {isa = PBXFileReference; lastKnownFileType = sourcecode.swift; path = PointView.swift; sourceTree = "<group>"; };
		934E70262831ED1E00D733F2 /* SettingsView.swift */ = {isa = PBXFileReference; lastKnownFileType = sourcecode.swift; path = SettingsView.swift; sourceTree = "<group>"; };
		935C42DF2831C42900A5E7DB /* 미니도담.app */ = {isa = PBXFileReference; explicitFileType = wrapper.application; includeInIndex = 0; path = "미니도담.app"; sourceTree = BUILT_PRODUCTS_DIR; };
		935C42E32831C42900A5E7DB /* MiniDodam WatchKit App.app */ = {isa = PBXFileReference; explicitFileType = wrapper.application; includeInIndex = 0; path = "MiniDodam WatchKit App.app"; sourceTree = BUILT_PRODUCTS_DIR; };
		935C42E82831C42A00A5E7DB /* Assets.xcassets */ = {isa = PBXFileReference; lastKnownFileType = folder.assetcatalog; path = Assets.xcassets; sourceTree = "<group>"; };
		935C42EE2831C42A00A5E7DB /* MiniDodam WatchKit Extension.appex */ = {isa = PBXFileReference; explicitFileType = "wrapper.app-extension"; includeInIndex = 0; path = "MiniDodam WatchKit Extension.appex"; sourceTree = BUILT_PRODUCTS_DIR; };
		935C42F32831C42A00A5E7DB /* MiniDodamApp.swift */ = {isa = PBXFileReference; lastKnownFileType = sourcecode.swift; path = MiniDodamApp.swift; sourceTree = "<group>"; };
		935C42F52831C42A00A5E7DB /* ContentView.swift */ = {isa = PBXFileReference; lastKnownFileType = sourcecode.swift; path = ContentView.swift; sourceTree = "<group>"; };
		935C42F72831C42A00A5E7DB /* NotificationController.swift */ = {isa = PBXFileReference; lastKnownFileType = sourcecode.swift; path = NotificationController.swift; sourceTree = "<group>"; };
		935C42F92831C42A00A5E7DB /* NotificationView.swift */ = {isa = PBXFileReference; lastKnownFileType = sourcecode.swift; path = NotificationView.swift; sourceTree = "<group>"; };
		935C42FB2831C42A00A5E7DB /* ComplicationController.swift */ = {isa = PBXFileReference; lastKnownFileType = sourcecode.swift; path = ComplicationController.swift; sourceTree = "<group>"; };
		935C42FD2831C42B00A5E7DB /* Assets.xcassets */ = {isa = PBXFileReference; lastKnownFileType = folder.assetcatalog; path = Assets.xcassets; sourceTree = "<group>"; };
		935C43002831C42B00A5E7DB /* Preview Assets.xcassets */ = {isa = PBXFileReference; lastKnownFileType = folder.assetcatalog; path = "Preview Assets.xcassets"; sourceTree = "<group>"; };
		935C43022831C42B00A5E7DB /* Info.plist */ = {isa = PBXFileReference; lastKnownFileType = text.plist.xml; path = Info.plist; sourceTree = "<group>"; };
		935C43032831C42B00A5E7DB /* PushNotificationPayload.apns */ = {isa = PBXFileReference; lastKnownFileType = text; path = PushNotificationPayload.apns; sourceTree = "<group>"; };
		935C43082831C42B00A5E7DB /* MiniDodamTests.xctest */ = {isa = PBXFileReference; explicitFileType = wrapper.cfbundle; includeInIndex = 0; path = MiniDodamTests.xctest; sourceTree = BUILT_PRODUCTS_DIR; };
		935C430C2831C42B00A5E7DB /* MiniDodamTests.swift */ = {isa = PBXFileReference; lastKnownFileType = sourcecode.swift; path = MiniDodamTests.swift; sourceTree = "<group>"; };
		935C43122831C42B00A5E7DB /* MiniDodamUITests.xctest */ = {isa = PBXFileReference; explicitFileType = wrapper.cfbundle; includeInIndex = 0; path = MiniDodamUITests.xctest; sourceTree = BUILT_PRODUCTS_DIR; };
		935C43162831C42B00A5E7DB /* MiniDodamUITests.swift */ = {isa = PBXFileReference; lastKnownFileType = sourcecode.swift; path = MiniDodamUITests.swift; sourceTree = "<group>"; };
		935C43182831C42B00A5E7DB /* MiniDodamUITestsLaunchTests.swift */ = {isa = PBXFileReference; lastKnownFileType = sourcecode.swift; path = MiniDodamUITestsLaunchTests.swift; sourceTree = "<group>"; };
/* End PBXFileReference section */

/* Begin PBXFrameworksBuildPhase section */
		935C42EB2831C42A00A5E7DB /* Frameworks */ = {
			isa = PBXFrameworksBuildPhase;
			buildActionMask = 2147483647;
			files = (
			);
			runOnlyForDeploymentPostprocessing = 0;
		};
		935C43052831C42B00A5E7DB /* Frameworks */ = {
			isa = PBXFrameworksBuildPhase;
			buildActionMask = 2147483647;
			files = (
			);
			runOnlyForDeploymentPostprocessing = 0;
		};
		935C430F2831C42B00A5E7DB /* Frameworks */ = {
			isa = PBXFrameworksBuildPhase;
			buildActionMask = 2147483647;
			files = (
			);
			runOnlyForDeploymentPostprocessing = 0;
		};
/* End PBXFrameworksBuildPhase section */

/* Begin PBXGroup section */
		935C42D82831C42900A5E7DB = {
			isa = PBXGroup;
			children = (
				935C42E72831C42900A5E7DB /* MiniDodam WatchKit App */,
				935C42F22831C42A00A5E7DB /* MiniDodam WatchKit Extension */,
				935C430B2831C42B00A5E7DB /* MiniDodamTests */,
				935C43152831C42B00A5E7DB /* MiniDodamUITests */,
				935C42E02831C42900A5E7DB /* Products */,
			);
			sourceTree = "<group>";
		};
		935C42E02831C42900A5E7DB /* Products */ = {
			isa = PBXGroup;
			children = (
				935C42DF2831C42900A5E7DB /* 미니도담.app */,
				935C42E32831C42900A5E7DB /* MiniDodam WatchKit App.app */,
				935C42EE2831C42A00A5E7DB /* MiniDodam WatchKit Extension.appex */,
				935C43082831C42B00A5E7DB /* MiniDodamTests.xctest */,
				935C43122831C42B00A5E7DB /* MiniDodamUITests.xctest */,
			);
			name = Products;
			sourceTree = "<group>";
		};
		935C42E72831C42900A5E7DB /* MiniDodam WatchKit App */ = {
			isa = PBXGroup;
			children = (
				935C42E82831C42A00A5E7DB /* Assets.xcassets */,
			);
			path = "MiniDodam WatchKit App";
			sourceTree = "<group>";
		};
		935C42F22831C42A00A5E7DB /* MiniDodam WatchKit Extension */ = {
			isa = PBXGroup;
			children = (
				935C42F32831C42A00A5E7DB /* MiniDodamApp.swift */,
				935C42F52831C42A00A5E7DB /* ContentView.swift */,
				934E70262831ED1E00D733F2 /* SettingsView.swift */,
				934E70242831ECE700D733F2 /* PointView.swift */,
				934E70222831ECB600D733F2 /* ClassView.swift */,
				934E70202831EC8700D733F2 /* MealView.swift */,
				934E701D2831E80B00D733F2 /* Model.xcdatamodeld */,
				935C42F72831C42A00A5E7DB /* NotificationController.swift */,
				935C42F92831C42A00A5E7DB /* NotificationView.swift */,
				935C42FB2831C42A00A5E7DB /* ComplicationController.swift */,
				935C42FD2831C42B00A5E7DB /* Assets.xcassets */,
				935C43022831C42B00A5E7DB /* Info.plist */,
				935C43032831C42B00A5E7DB /* PushNotificationPayload.apns */,
				935C42FF2831C42B00A5E7DB /* Preview Content */,
			);
			path = "MiniDodam WatchKit Extension";
			sourceTree = "<group>";
		};
		935C42FF2831C42B00A5E7DB /* Preview Content */ = {
			isa = PBXGroup;
			children = (
				935C43002831C42B00A5E7DB /* Preview Assets.xcassets */,
			);
			path = "Preview Content";
			sourceTree = "<group>";
		};
		935C430B2831C42B00A5E7DB /* MiniDodamTests */ = {
			isa = PBXGroup;
			children = (
				935C430C2831C42B00A5E7DB /* MiniDodamTests.swift */,
			);
			path = MiniDodamTests;
			sourceTree = "<group>";
		};
		935C43152831C42B00A5E7DB /* MiniDodamUITests */ = {
			isa = PBXGroup;
			children = (
				935C43162831C42B00A5E7DB /* MiniDodamUITests.swift */,
				935C43182831C42B00A5E7DB /* MiniDodamUITestsLaunchTests.swift */,
			);
			path = MiniDodamUITests;
			sourceTree = "<group>";
		};
/* End PBXGroup section */

/* Begin PBXNativeTarget section */
		935C42DE2831C42900A5E7DB /* MiniDodam */ = {
			isa = PBXNativeTarget;
			buildConfigurationList = 935C43242831C42B00A5E7DB /* Build configuration list for PBXNativeTarget "MiniDodam" */;
			buildPhases = (
				935C42DD2831C42900A5E7DB /* Resources */,
				935C43232831C42B00A5E7DB /* Embed Watch Content */,
			);
			buildRules = (
			);
			dependencies = (
				935C42E62831C42900A5E7DB /* PBXTargetDependency */,
			);
			name = MiniDodam;
			productName = MiniDodam;
			productReference = 935C42DF2831C42900A5E7DB /* 미니도담.app */;
			productType = "com.apple.product-type.application.watchapp2-container";
		};
		935C42E22831C42900A5E7DB /* MiniDodam WatchKit App */ = {
			isa = PBXNativeTarget;
			buildConfigurationList = 935C43202831C42B00A5E7DB /* Build configuration list for PBXNativeTarget "MiniDodam WatchKit App" */;
			buildPhases = (
				935C42E12831C42900A5E7DB /* Resources */,
				935C431F2831C42B00A5E7DB /* Embed App Extensions */,
			);
			buildRules = (
			);
			dependencies = (
				935C42F12831C42A00A5E7DB /* PBXTargetDependency */,
			);
			name = "MiniDodam WatchKit App";
			productName = "MiniDodam WatchKit App";
			productReference = 935C42E32831C42900A5E7DB /* MiniDodam WatchKit App.app */;
			productType = "com.apple.product-type.application.watchapp2";
		};
		935C42ED2831C42A00A5E7DB /* MiniDodam WatchKit Extension */ = {
			isa = PBXNativeTarget;
			buildConfigurationList = 935C431C2831C42B00A5E7DB /* Build configuration list for PBXNativeTarget "MiniDodam WatchKit Extension" */;
			buildPhases = (
				935C42EA2831C42A00A5E7DB /* Sources */,
				935C42EB2831C42A00A5E7DB /* Frameworks */,
				935C42EC2831C42A00A5E7DB /* Resources */,
			);
			buildRules = (
			);
			dependencies = (
			);
			name = "MiniDodam WatchKit Extension";
			productName = "MiniDodam WatchKit Extension";
			productReference = 935C42EE2831C42A00A5E7DB /* MiniDodam WatchKit Extension.appex */;
			productType = "com.apple.product-type.watchkit2-extension";
		};
		935C43072831C42B00A5E7DB /* MiniDodamTests */ = {
			isa = PBXNativeTarget;
			buildConfigurationList = 935C43272831C42B00A5E7DB /* Build configuration list for PBXNativeTarget "MiniDodamTests" */;
			buildPhases = (
				935C43042831C42B00A5E7DB /* Sources */,
				935C43052831C42B00A5E7DB /* Frameworks */,
				935C43062831C42B00A5E7DB /* Resources */,
			);
			buildRules = (
			);
			dependencies = (
				935C430A2831C42B00A5E7DB /* PBXTargetDependency */,
			);
			name = MiniDodamTests;
			productName = MiniDodamTests;
			productReference = 935C43082831C42B00A5E7DB /* MiniDodamTests.xctest */;
			productType = "com.apple.product-type.bundle.unit-test";
		};
		935C43112831C42B00A5E7DB /* MiniDodamUITests */ = {
			isa = PBXNativeTarget;
			buildConfigurationList = 935C432A2831C42B00A5E7DB /* Build configuration list for PBXNativeTarget "MiniDodamUITests" */;
			buildPhases = (
				935C430E2831C42B00A5E7DB /* Sources */,
				935C430F2831C42B00A5E7DB /* Frameworks */,
				935C43102831C42B00A5E7DB /* Resources */,
			);
			buildRules = (
			);
			dependencies = (
				935C43142831C42B00A5E7DB /* PBXTargetDependency */,
			);
			name = MiniDodamUITests;
			productName = MiniDodamUITests;
			productReference = 935C43122831C42B00A5E7DB /* MiniDodamUITests.xctest */;
			productType = "com.apple.product-type.bundle.ui-testing";
		};
/* End PBXNativeTarget section */

/* Begin PBXProject section */
		935C42D92831C42900A5E7DB /* Project object */ = {
			isa = PBXProject;
			attributes = {
				BuildIndependentTargetsInParallel = 1;
				LastSwiftUpdateCheck = 1330;
				LastUpgradeCheck = 1330;
				TargetAttributes = {
					935C42DE2831C42900A5E7DB = {
						CreatedOnToolsVersion = 13.3.1;
					};
					935C42E22831C42900A5E7DB = {
						CreatedOnToolsVersion = 13.3.1;
					};
					935C42ED2831C42A00A5E7DB = {
						CreatedOnToolsVersion = 13.3.1;
					};
					935C43072831C42B00A5E7DB = {
						CreatedOnToolsVersion = 13.3.1;
						TestTargetID = 935C42ED2831C42A00A5E7DB;
					};
					935C43112831C42B00A5E7DB = {
						CreatedOnToolsVersion = 13.3.1;
						TestTargetID = 935C42E22831C42900A5E7DB;
					};
				};
			};
			buildConfigurationList = 935C42DC2831C42900A5E7DB /* Build configuration list for PBXProject "MiniDodam" */;
			compatibilityVersion = "Xcode 13.0";
			developmentRegion = en;
			hasScannedForEncodings = 0;
			knownRegions = (
				en,
				Base,
			);
			mainGroup = 935C42D82831C42900A5E7DB;
			productRefGroup = 935C42E02831C42900A5E7DB /* Products */;
			projectDirPath = "";
			projectRoot = "";
			targets = (
				935C42DE2831C42900A5E7DB /* MiniDodam */,
				935C42E22831C42900A5E7DB /* MiniDodam WatchKit App */,
				935C42ED2831C42A00A5E7DB /* MiniDodam WatchKit Extension */,
				935C43072831C42B00A5E7DB /* MiniDodamTests */,
				935C43112831C42B00A5E7DB /* MiniDodamUITests */,
			);
		};
/* End PBXProject section */

/* Begin PBXResourcesBuildPhase section */
		935C42DD2831C42900A5E7DB /* Resources */ = {
			isa = PBXResourcesBuildPhase;
			buildActionMask = 2147483647;
			files = (
			);
			runOnlyForDeploymentPostprocessing = 0;
		};
		935C42E12831C42900A5E7DB /* Resources */ = {
			isa = PBXResourcesBuildPhase;
			buildActionMask = 2147483647;
			files = (
				935C42E92831C42A00A5E7DB /* Assets.xcassets in Resources */,
			);
			runOnlyForDeploymentPostprocessing = 0;
		};
		935C42EC2831C42A00A5E7DB /* Resources */ = {
			isa = PBXResourcesBuildPhase;
			buildActionMask = 2147483647;
			files = (
				935C43012831C42B00A5E7DB /* Preview Assets.xcassets in Resources */,
				935C42FE2831C42B00A5E7DB /* Assets.xcassets in Resources */,
			);
			runOnlyForDeploymentPostprocessing = 0;
		};
		935C43062831C42B00A5E7DB /* Resources */ = {
			isa = PBXResourcesBuildPhase;
			buildActionMask = 2147483647;
			files = (
			);
			runOnlyForDeploymentPostprocessing = 0;
		};
		935C43102831C42B00A5E7DB /* Resources */ = {
			isa = PBXResourcesBuildPhase;
			buildActionMask = 2147483647;
			files = (
			);
			runOnlyForDeploymentPostprocessing = 0;
		};
/* End PBXResourcesBuildPhase section */

/* Begin PBXSourcesBuildPhase section */
		935C42EA2831C42A00A5E7DB /* Sources */ = {
			isa = PBXSourcesBuildPhase;
			buildActionMask = 2147483647;
			files = (
				935C42F82831C42A00A5E7DB /* NotificationController.swift in Sources */,
				935C42F62831C42A00A5E7DB /* ContentView.swift in Sources */,
				935C42FC2831C42A00A5E7DB /* ComplicationController.swift in Sources */,
				934E70252831ECE700D733F2 /* PointView.swift in Sources */,
				934E70232831ECB600D733F2 /* ClassView.swift in Sources */,
				934E70272831ED1E00D733F2 /* SettingsView.swift in Sources */,
				934E70212831EC8700D733F2 /* MealView.swift in Sources */,
				935C42F42831C42A00A5E7DB /* MiniDodamApp.swift in Sources */,
				935C42FA2831C42A00A5E7DB /* NotificationView.swift in Sources */,
				934E701F2831E80B00D733F2 /* Model.xcdatamodeld in Sources */,
			);
			runOnlyForDeploymentPostprocessing = 0;
		};
		935C43042831C42B00A5E7DB /* Sources */ = {
			isa = PBXSourcesBuildPhase;
			buildActionMask = 2147483647;
			files = (
				935C430D2831C42B00A5E7DB /* MiniDodamTests.swift in Sources */,
			);
			runOnlyForDeploymentPostprocessing = 0;
		};
		935C430E2831C42B00A5E7DB /* Sources */ = {
			isa = PBXSourcesBuildPhase;
			buildActionMask = 2147483647;
			files = (
				935C43172831C42B00A5E7DB /* MiniDodamUITests.swift in Sources */,
				935C43192831C42B00A5E7DB /* MiniDodamUITestsLaunchTests.swift in Sources */,
			);
			runOnlyForDeploymentPostprocessing = 0;
		};
/* End PBXSourcesBuildPhase section */

/* Begin PBXTargetDependency section */
		935C42E62831C42900A5E7DB /* PBXTargetDependency */ = {
			isa = PBXTargetDependency;
			target = 935C42E22831C42900A5E7DB /* MiniDodam WatchKit App */;
			targetProxy = 935C42E52831C42900A5E7DB /* PBXContainerItemProxy */;
		};
		935C42F12831C42A00A5E7DB /* PBXTargetDependency */ = {
			isa = PBXTargetDependency;
			target = 935C42ED2831C42A00A5E7DB /* MiniDodam WatchKit Extension */;
			targetProxy = 935C42F02831C42A00A5E7DB /* PBXContainerItemProxy */;
		};
		935C430A2831C42B00A5E7DB /* PBXTargetDependency */ = {
			isa = PBXTargetDependency;
			target = 935C42ED2831C42A00A5E7DB /* MiniDodam WatchKit Extension */;
			targetProxy = 935C43092831C42B00A5E7DB /* PBXContainerItemProxy */;
		};
		935C43142831C42B00A5E7DB /* PBXTargetDependency */ = {
			isa = PBXTargetDependency;
			target = 935C42E22831C42900A5E7DB /* MiniDodam WatchKit App */;
			targetProxy = 935C43132831C42B00A5E7DB /* PBXContainerItemProxy */;
		};
/* End PBXTargetDependency section */

/* Begin XCBuildConfiguration section */
		935C431A2831C42B00A5E7DB /* Debug */ = {
			isa = XCBuildConfiguration;
			buildSettings = {
				ALWAYS_SEARCH_USER_PATHS = NO;
				CLANG_ANALYZER_NONNULL = YES;
				CLANG_ANALYZER_NUMBER_OBJECT_CONVERSION = YES_AGGRESSIVE;
				CLANG_CXX_LANGUAGE_STANDARD = "gnu++17";
				CLANG_ENABLE_MODULES = YES;
				CLANG_ENABLE_OBJC_ARC = YES;
				CLANG_ENABLE_OBJC_WEAK = YES;
				CLANG_WARN_BLOCK_CAPTURE_AUTORELEASING = YES;
				CLANG_WARN_BOOL_CONVERSION = YES;
				CLANG_WARN_COMMA = YES;
				CLANG_WARN_CONSTANT_CONVERSION = YES;
				CLANG_WARN_DEPRECATED_OBJC_IMPLEMENTATIONS = YES;
				CLANG_WARN_DIRECT_OBJC_ISA_USAGE = YES_ERROR;
				CLANG_WARN_DOCUMENTATION_COMMENTS = YES;
				CLANG_WARN_EMPTY_BODY = YES;
				CLANG_WARN_ENUM_CONVERSION = YES;
				CLANG_WARN_INFINITE_RECURSION = YES;
				CLANG_WARN_INT_CONVERSION = YES;
				CLANG_WARN_NON_LITERAL_NULL_CONVERSION = YES;
				CLANG_WARN_OBJC_IMPLICIT_RETAIN_SELF = YES;
				CLANG_WARN_OBJC_LITERAL_CONVERSION = YES;
				CLANG_WARN_OBJC_ROOT_CLASS = YES_ERROR;
				CLANG_WARN_QUOTED_INCLUDE_IN_FRAMEWORK_HEADER = YES;
				CLANG_WARN_RANGE_LOOP_ANALYSIS = YES;
				CLANG_WARN_STRICT_PROTOTYPES = YES;
				CLANG_WARN_SUSPICIOUS_MOVE = YES;
				CLANG_WARN_UNGUARDED_AVAILABILITY = YES_AGGRESSIVE;
				CLANG_WARN_UNREACHABLE_CODE = YES;
				CLANG_WARN__DUPLICATE_METHOD_MATCH = YES;
				COPY_PHASE_STRIP = NO;
				DEBUG_INFORMATION_FORMAT = dwarf;
				ENABLE_STRICT_OBJC_MSGSEND = YES;
				ENABLE_TESTABILITY = YES;
				GCC_C_LANGUAGE_STANDARD = gnu11;
				GCC_DYNAMIC_NO_PIC = NO;
				GCC_NO_COMMON_BLOCKS = YES;
				GCC_OPTIMIZATION_LEVEL = 0;
				GCC_PREPROCESSOR_DEFINITIONS = (
					"DEBUG=1",
					"$(inherited)",
				);
				GCC_WARN_64_TO_32_BIT_CONVERSION = YES;
				GCC_WARN_ABOUT_RETURN_TYPE = YES_ERROR;
				GCC_WARN_UNDECLARED_SELECTOR = YES;
				GCC_WARN_UNINITIALIZED_AUTOS = YES_AGGRESSIVE;
				GCC_WARN_UNUSED_FUNCTION = YES;
				GCC_WARN_UNUSED_VARIABLE = YES;
				MTL_ENABLE_DEBUG_INFO = INCLUDE_SOURCE;
				MTL_FAST_MATH = YES;
				ONLY_ACTIVE_ARCH = YES;
				SDKROOT = iphoneos;
				SWIFT_ACTIVE_COMPILATION_CONDITIONS = DEBUG;
				SWIFT_OPTIMIZATION_LEVEL = "-Onone";
			};
			name = Debug;
		};
		935C431B2831C42B00A5E7DB /* Release */ = {
			isa = XCBuildConfiguration;
			buildSettings = {
				ALWAYS_SEARCH_USER_PATHS = NO;
				CLANG_ANALYZER_NONNULL = YES;
				CLANG_ANALYZER_NUMBER_OBJECT_CONVERSION = YES_AGGRESSIVE;
				CLANG_CXX_LANGUAGE_STANDARD = "gnu++17";
				CLANG_ENABLE_MODULES = YES;
				CLANG_ENABLE_OBJC_ARC = YES;
				CLANG_ENABLE_OBJC_WEAK = YES;
				CLANG_WARN_BLOCK_CAPTURE_AUTORELEASING = YES;
				CLANG_WARN_BOOL_CONVERSION = YES;
				CLANG_WARN_COMMA = YES;
				CLANG_WARN_CONSTANT_CONVERSION = YES;
				CLANG_WARN_DEPRECATED_OBJC_IMPLEMENTATIONS = YES;
				CLANG_WARN_DIRECT_OBJC_ISA_USAGE = YES_ERROR;
				CLANG_WARN_DOCUMENTATION_COMMENTS = YES;
				CLANG_WARN_EMPTY_BODY = YES;
				CLANG_WARN_ENUM_CONVERSION = YES;
				CLANG_WARN_INFINITE_RECURSION = YES;
				CLANG_WARN_INT_CONVERSION = YES;
				CLANG_WARN_NON_LITERAL_NULL_CONVERSION = YES;
				CLANG_WARN_OBJC_IMPLICIT_RETAIN_SELF = YES;
				CLANG_WARN_OBJC_LITERAL_CONVERSION = YES;
				CLANG_WARN_OBJC_ROOT_CLASS = YES_ERROR;
				CLANG_WARN_QUOTED_INCLUDE_IN_FRAMEWORK_HEADER = YES;
				CLANG_WARN_RANGE_LOOP_ANALYSIS = YES;
				CLANG_WARN_STRICT_PROTOTYPES = YES;
				CLANG_WARN_SUSPICIOUS_MOVE = YES;
				CLANG_WARN_UNGUARDED_AVAILABILITY = YES_AGGRESSIVE;
				CLANG_WARN_UNREACHABLE_CODE = YES;
				CLANG_WARN__DUPLICATE_METHOD_MATCH = YES;
				COPY_PHASE_STRIP = NO;
				DEBUG_INFORMATION_FORMAT = "dwarf-with-dsym";
				ENABLE_NS_ASSERTIONS = NO;
				ENABLE_STRICT_OBJC_MSGSEND = YES;
				GCC_C_LANGUAGE_STANDARD = gnu11;
				GCC_NO_COMMON_BLOCKS = YES;
				GCC_WARN_64_TO_32_BIT_CONVERSION = YES;
				GCC_WARN_ABOUT_RETURN_TYPE = YES_ERROR;
				GCC_WARN_UNDECLARED_SELECTOR = YES;
				GCC_WARN_UNINITIALIZED_AUTOS = YES_AGGRESSIVE;
				GCC_WARN_UNUSED_FUNCTION = YES;
				GCC_WARN_UNUSED_VARIABLE = YES;
				MTL_ENABLE_DEBUG_INFO = NO;
				MTL_FAST_MATH = YES;
				SDKROOT = iphoneos;
				SWIFT_COMPILATION_MODE = wholemodule;
				SWIFT_OPTIMIZATION_LEVEL = "-O";
				VALIDATE_PRODUCT = YES;
			};
			name = Release;
		};
		935C431D2831C42B00A5E7DB /* Debug */ = {
			isa = XCBuildConfiguration;
			buildSettings = {
				ASSETCATALOG_COMPILER_COMPLICATION_NAME = Complication;
				CODE_SIGN_STYLE = Automatic;
				CURRENT_PROJECT_VERSION = 1;
				DEVELOPMENT_ASSET_PATHS = "\"MiniDodam WatchKit Extension/Preview Content\"";
				DEVELOPMENT_TEAM = 56V747V83R;
				ENABLE_PREVIEWS = YES;
				GENERATE_INFOPLIST_FILE = YES;
				INFOPLIST_FILE = "MiniDodam WatchKit Extension/Info.plist";
				INFOPLIST_KEY_CFBundleDisplayName = "MiniDodam WatchKit Extension";
				INFOPLIST_KEY_CLKComplicationPrincipalClass = "$(PRODUCT_MODULE_NAME).ComplicationController";
				INFOPLIST_KEY_NSHumanReadableCopyright = "";
				INFOPLIST_KEY_WKWatchOnly = YES;
				LD_RUNPATH_SEARCH_PATHS = (
					"$(inherited)",
					"@executable_path/Frameworks",
					"@executable_path/../../Frameworks",
				);
				MARKETING_VERSION = 1.0;
				PRODUCT_BUNDLE_IDENTIFIER = net.mercen.MiniDodam.watchkitapp.watchkitextension;
				PRODUCT_NAME = "${TARGET_NAME}";
				SDKROOT = watchos;
				SKIP_INSTALL = YES;
				SWIFT_EMIT_LOC_STRINGS = YES;
				SWIFT_VERSION = 5.0;
				TARGETED_DEVICE_FAMILY = 4;
				WATCHOS_DEPLOYMENT_TARGET = 8.5;
			};
			name = Debug;
		};
		935C431E2831C42B00A5E7DB /* Release */ = {
			isa = XCBuildConfiguration;
			buildSettings = {
				ASSETCATALOG_COMPILER_COMPLICATION_NAME = Complication;
				CODE_SIGN_STYLE = Automatic;
				CURRENT_PROJECT_VERSION = 1;
				DEVELOPMENT_ASSET_PATHS = "\"MiniDodam WatchKit Extension/Preview Content\"";
				DEVELOPMENT_TEAM = 56V747V83R;
				ENABLE_PREVIEWS = YES;
				GENERATE_INFOPLIST_FILE = YES;
				INFOPLIST_FILE = "MiniDodam WatchKit Extension/Info.plist";
				INFOPLIST_KEY_CFBundleDisplayName = "MiniDodam WatchKit Extension";
				INFOPLIST_KEY_CLKComplicationPrincipalClass = "$(PRODUCT_MODULE_NAME).ComplicationController";
				INFOPLIST_KEY_NSHumanReadableCopyright = "";
				INFOPLIST_KEY_WKWatchOnly = YES;
				LD_RUNPATH_SEARCH_PATHS = (
					"$(inherited)",
					"@executable_path/Frameworks",
					"@executable_path/../../Frameworks",
				);
				MARKETING_VERSION = 1.0;
				PRODUCT_BUNDLE_IDENTIFIER = net.mercen.MiniDodam.watchkitapp.watchkitextension;
				PRODUCT_NAME = "${TARGET_NAME}";
				SDKROOT = watchos;
				SKIP_INSTALL = YES;
				SWIFT_EMIT_LOC_STRINGS = YES;
				SWIFT_VERSION = 5.0;
				TARGETED_DEVICE_FAMILY = 4;
				WATCHOS_DEPLOYMENT_TARGET = 8.5;
			};
			name = Release;
		};
		935C43212831C42B00A5E7DB /* Debug */ = {
			isa = XCBuildConfiguration;
			buildSettings = {
				ALWAYS_EMBED_SWIFT_STANDARD_LIBRARIES = YES;
				ASSETCATALOG_COMPILER_APPICON_NAME = AppIcon;
				ASSETCATALOG_COMPILER_GLOBAL_ACCENT_COLOR_NAME = AccentColor;
				CODE_SIGN_STYLE = Automatic;
				CURRENT_PROJECT_VERSION = 1;
				DEVELOPMENT_TEAM = 56V747V83R;
				GENERATE_INFOPLIST_FILE = YES;
				IBSC_MODULE = MiniDodam_WatchKit_Extension;
				INFOPLIST_KEY_CFBundleDisplayName = "MiniDodam WatchKit App";
				INFOPLIST_KEY_UISupportedInterfaceOrientations = "UIInterfaceOrientationPortrait UIInterfaceOrientationPortraitUpsideDown";
				MARKETING_VERSION = 1.0;
				PRODUCT_BUNDLE_IDENTIFIER = net.mercen.MiniDodam.watchkitapp;
				PRODUCT_NAME = "$(TARGET_NAME)";
				SDKROOT = watchos;
				SKIP_INSTALL = YES;
				SWIFT_EMIT_LOC_STRINGS = YES;
				SWIFT_VERSION = 5.0;
				TARGETED_DEVICE_FAMILY = 4;
				WATCHOS_DEPLOYMENT_TARGET = 8.5;
			};
			name = Debug;
		};
		935C43222831C42B00A5E7DB /* Release */ = {
			isa = XCBuildConfiguration;
			buildSettings = {
				ALWAYS_EMBED_SWIFT_STANDARD_LIBRARIES = YES;
				ASSETCATALOG_COMPILER_APPICON_NAME = AppIcon;
				ASSETCATALOG_COMPILER_GLOBAL_ACCENT_COLOR_NAME = AccentColor;
				CODE_SIGN_STYLE = Automatic;
				CURRENT_PROJECT_VERSION = 1;
				DEVELOPMENT_TEAM = 56V747V83R;
				GENERATE_INFOPLIST_FILE = YES;
				IBSC_MODULE = MiniDodam_WatchKit_Extension;
				INFOPLIST_KEY_CFBundleDisplayName = "MiniDodam WatchKit App";
				INFOPLIST_KEY_UISupportedInterfaceOrientations = "UIInterfaceOrientationPortrait UIInterfaceOrientationPortraitUpsideDown";
				MARKETING_VERSION = 1.0;
				PRODUCT_BUNDLE_IDENTIFIER = net.mercen.MiniDodam.watchkitapp;
				PRODUCT_NAME = "$(TARGET_NAME)";
				SDKROOT = watchos;
				SKIP_INSTALL = YES;
				SWIFT_EMIT_LOC_STRINGS = YES;
				SWIFT_VERSION = 5.0;
				TARGETED_DEVICE_FAMILY = 4;
				WATCHOS_DEPLOYMENT_TARGET = 8.5;
			};
			name = Release;
		};
		935C43252831C42B00A5E7DB /* Debug */ = {
			isa = XCBuildConfiguration;
			buildSettings = {
				CODE_SIGN_STYLE = Automatic;
				CURRENT_PROJECT_VERSION = 1;
				DEVELOPMENT_TEAM = 56V747V83R;
				MARKETING_VERSION = 1.0;
				PRODUCT_BUNDLE_IDENTIFIER = net.mercen.MiniDodam;
				PRODUCT_NAME = "미니도담";
				SWIFT_VERSION = 5.0;
			};
			name = Debug;
		};
		935C43262831C42B00A5E7DB /* Release */ = {
			isa = XCBuildConfiguration;
			buildSettings = {
				CODE_SIGN_STYLE = Automatic;
				CURRENT_PROJECT_VERSION = 1;
				DEVELOPMENT_TEAM = 56V747V83R;
				MARKETING_VERSION = 1.0;
				PRODUCT_BUNDLE_IDENTIFIER = net.mercen.MiniDodam;
				PRODUCT_NAME = "미니도담";
				SWIFT_VERSION = 5.0;
			};
			name = Release;
		};
		935C43282831C42B00A5E7DB /* Debug */ = {
			isa = XCBuildConfiguration;
			buildSettings = {
				ALWAYS_EMBED_SWIFT_STANDARD_LIBRARIES = YES;
				BUNDLE_LOADER = "$(TEST_HOST)";
				CODE_SIGN_STYLE = Automatic;
				CURRENT_PROJECT_VERSION = 1;
				DEVELOPMENT_TEAM = 56V747V83R;
				GENERATE_INFOPLIST_FILE = YES;
				MARKETING_VERSION = 1.0;
				PRODUCT_BUNDLE_IDENTIFIER = net.mercen.MiniDodamTests;
				PRODUCT_NAME = "$(TARGET_NAME)";
				SDKROOT = watchos;
				SWIFT_EMIT_LOC_STRINGS = NO;
				SWIFT_VERSION = 5.0;
				TARGETED_DEVICE_FAMILY = 4;
				TEST_HOST = "$(BUILT_PRODUCTS_DIR)/MiniDodam WatchKit Extension.appex/MiniDodam WatchKit Extension";
				WATCHOS_DEPLOYMENT_TARGET = 8.5;
			};
			name = Debug;
		};
		935C43292831C42B00A5E7DB /* Release */ = {
			isa = XCBuildConfiguration;
			buildSettings = {
				ALWAYS_EMBED_SWIFT_STANDARD_LIBRARIES = YES;
				BUNDLE_LOADER = "$(TEST_HOST)";
				CODE_SIGN_STYLE = Automatic;
				CURRENT_PROJECT_VERSION = 1;
				DEVELOPMENT_TEAM = 56V747V83R;
				GENERATE_INFOPLIST_FILE = YES;
				MARKETING_VERSION = 1.0;
				PRODUCT_BUNDLE_IDENTIFIER = net.mercen.MiniDodamTests;
				PRODUCT_NAME = "$(TARGET_NAME)";
				SDKROOT = watchos;
				SWIFT_EMIT_LOC_STRINGS = NO;
				SWIFT_VERSION = 5.0;
				TARGETED_DEVICE_FAMILY = 4;
				TEST_HOST = "$(BUILT_PRODUCTS_DIR)/MiniDodam WatchKit Extension.appex/MiniDodam WatchKit Extension";
				WATCHOS_DEPLOYMENT_TARGET = 8.5;
			};
			name = Release;
		};
		935C432B2831C42B00A5E7DB /* Debug */ = {
			isa = XCBuildConfiguration;
			buildSettings = {
				CODE_SIGN_STYLE = Automatic;
				CURRENT_PROJECT_VERSION = 1;
				DEVELOPMENT_TEAM = 56V747V83R;
				GENERATE_INFOPLIST_FILE = YES;
				MARKETING_VERSION = 1.0;
				PRODUCT_BUNDLE_IDENTIFIER = net.mercen.MiniDodamUITests;
				PRODUCT_NAME = "$(TARGET_NAME)";
				SDKROOT = watchos;
				SWIFT_EMIT_LOC_STRINGS = NO;
				SWIFT_VERSION = 5.0;
				TARGETED_DEVICE_FAMILY = 4;
				TEST_TARGET_NAME = "MiniDodam WatchKit App";
				WATCHOS_DEPLOYMENT_TARGET = 8.5;
			};
			name = Debug;
		};
		935C432C2831C42B00A5E7DB /* Release */ = {
			isa = XCBuildConfiguration;
			buildSettings = {
				CODE_SIGN_STYLE = Automatic;
				CURRENT_PROJECT_VERSION = 1;
				DEVELOPMENT_TEAM = 56V747V83R;
				GENERATE_INFOPLIST_FILE = YES;
				MARKETING_VERSION = 1.0;
				PRODUCT_BUNDLE_IDENTIFIER = net.mercen.MiniDodamUITests;
				PRODUCT_NAME = "$(TARGET_NAME)";
				SDKROOT = watchos;
				SWIFT_EMIT_LOC_STRINGS = NO;
				SWIFT_VERSION = 5.0;
				TARGETED_DEVICE_FAMILY = 4;
				TEST_TARGET_NAME = "MiniDodam WatchKit App";
				WATCHOS_DEPLOYMENT_TARGET = 8.5;
			};
			name = Release;
		};
/* End XCBuildConfiguration section */

/* Begin XCConfigurationList section */
		935C42DC2831C42900A5E7DB /* Build configuration list for PBXProject "MiniDodam" */ = {
			isa = XCConfigurationList;
			buildConfigurations = (
				935C431A2831C42B00A5E7DB /* Debug */,
				935C431B2831C42B00A5E7DB /* Release */,
			);
			defaultConfigurationIsVisible = 0;
			defaultConfigurationName = Release;
		};
		935C431C2831C42B00A5E7DB /* Build configuration list for PBXNativeTarget "MiniDodam WatchKit Extension" */ = {
			isa = XCConfigurationList;
			buildConfigurations = (
				935C431D2831C42B00A5E7DB /* Debug */,
				935C431E2831C42B00A5E7DB /* Release */,
			);
			defaultConfigurationIsVisible = 0;
			defaultConfigurationName = Release;
		};
		935C43202831C42B00A5E7DB /* Build configuration list for PBXNativeTarget "MiniDodam WatchKit App" */ = {
			isa = XCConfigurationList;
			buildConfigurations = (
				935C43212831C42B00A5E7DB /* Debug */,
				935C43222831C42B00A5E7DB /* Release */,
			);
			defaultConfigurationIsVisible = 0;
			defaultConfigurationName = Release;
		};
		935C43242831C42B00A5E7DB /* Build configuration list for PBXNativeTarget "MiniDodam" */ = {
			isa = XCConfigurationList;
			buildConfigurations = (
				935C43252831C42B00A5E7DB /* Debug */,
				935C43262831C42B00A5E7DB /* Release */,
			);
			defaultConfigurationIsVisible = 0;
			defaultConfigurationName = Release;
		};
		935C43272831C42B00A5E7DB /* Build configuration list for PBXNativeTarget "MiniDodamTests" */ = {
			isa = XCConfigurationList;
			buildConfigurations = (
				935C43282831C42B00A5E7DB /* Debug */,
				935C43292831C42B00A5E7DB /* Release */,
			);
			defaultConfigurationIsVisible = 0;
			defaultConfigurationName = Release;
		};
		935C432A2831C42B00A5E7DB /* Build configuration list for PBXNativeTarget "MiniDodamUITests" */ = {
			isa = XCConfigurationList;
			buildConfigurations = (
				935C432B2831C42B00A5E7DB /* Debug */,
				935C432C2831C42B00A5E7DB /* Release */,
			);
			defaultConfigurationIsVisible = 0;
			defaultConfigurationName = Release;
		};
/* End XCConfigurationList section */

/* Begin XCVersionGroup section */
		934E701D2831E80B00D733F2 /* Model.xcdatamodeld */ = {
			isa = XCVersionGroup;
			children = (
				934E701E2831E80B00D733F2 /* Model.xcdatamodel */,
			);
			currentVersion = 934E701E2831E80B00D733F2 /* Model.xcdatamodel */;
			path = Model.xcdatamodeld;
			sourceTree = "<group>";
			versionGroupType = wrapper.xcdatamodel;
		};
/* End XCVersionGroup section */
	};
	rootObject = 935C42D92831C42900A5E7DB /* Project object */;
}
