// !$*UTF8*$!
{
	archiveVersion = 1;
	classes = {
	};
	objectVersion = 55;
	objects = {

/* Begin PBXBuildFile section */
		1786A1281431F6388F7B30EF /* Pods_MiniDodam_WatchKit_Extension.framework in Frameworks */ = {isa = PBXBuildFile; fileRef = 2CF6C67E8420D628A9A05A08 /* Pods_MiniDodam_WatchKit_Extension.framework */; };
		3F473EC86B00F4B187297BF9 /* Pods_MiniDodam_MiniDodamUITests.framework in Frameworks */ = {isa = PBXBuildFile; fileRef = DF7DD848F72C21AC85751B36 /* Pods_MiniDodam_MiniDodamUITests.framework */; };
		46B08865D01D2F61A55281CC /* Pods_MiniDodamTests.framework in Frameworks */ = {isa = PBXBuildFile; fileRef = 55EA64C334E56342784F8E63 /* Pods_MiniDodamTests.framework */; };
		93299E5828366CAB00BEF7D1 /* RequestAPI.swift in Sources */ = {isa = PBXBuildFile; fileRef = 93299E5728366CAB00BEF7D1 /* RequestAPI.swift */; };
		934E70212831EC8700D733F2 /* MealView.swift in Sources */ = {isa = PBXBuildFile; fileRef = 934E70202831EC8700D733F2 /* MealView.swift */; };
		934E70232831ECB600D733F2 /* ClassView.swift in Sources */ = {isa = PBXBuildFile; fileRef = 934E70222831ECB600D733F2 /* ClassView.swift */; };
		934E70252831ECE700D733F2 /* PointView.swift in Sources */ = {isa = PBXBuildFile; fileRef = 934E70242831ECE700D733F2 /* PointView.swift */; };
		934E70272831ED1E00D733F2 /* SettingsView.swift in Sources */ = {isa = PBXBuildFile; fileRef = 934E70262831ED1E00D733F2 /* SettingsView.swift */; };
		935C42E42831C42900A5E7DB /* 미니도담.app in Embed Watch Content */ = {isa = PBXBuildFile; fileRef = 935C42E32831C42900A5E7DB /* 미니도담.app */; settings = {ATTRIBUTES = (RemoveHeadersOnCopy, ); }; };
		935C42E92831C42A00A5E7DB /* Assets.xcassets in Resources */ = {isa = PBXBuildFile; fileRef = 935C42E82831C42A00A5E7DB /* Assets.xcassets */; };
		935C42EF2831C42A00A5E7DB /* MiniDodam WatchKit Extension.appex in Embed App Extensions */ = {isa = PBXBuildFile; fileRef = 935C42EE2831C42A00A5E7DB /* MiniDodam WatchKit Extension.appex */; settings = {ATTRIBUTES = (RemoveHeadersOnCopy, ); }; };
		935C42F42831C42A00A5E7DB /* MiniDodamApp.swift in Sources */ = {isa = PBXBuildFile; fileRef = 935C42F32831C42A00A5E7DB /* MiniDodamApp.swift */; };
		935C42F62831C42A00A5E7DB /* ContentView.swift in Sources */ = {isa = PBXBuildFile; fileRef = 935C42F52831C42A00A5E7DB /* ContentView.swift */; };
		935C42F82831C42A00A5E7DB /* NotificationController.swift in Sources */ = {isa = PBXBuildFile; fileRef = 935C42F72831C42A00A5E7DB /* NotificationController.swift */; };
		935C42FA2831C42A00A5E7DB /* NotificationView.swift in Sources */ = {isa = PBXBuildFile; fileRef = 935C42F92831C42A00A5E7DB /* NotificationView.swift */; };
		935C42FC2831C42A00A5E7DB /* ComplicationController.swift in Sources */ = {isa = PBXBuildFile; fileRef = 935C42FB2831C42A00A5E7DB /* ComplicationController.swift */; };
		935C42FE2831C42B00A5E7DB /* Assets.xcassets in Resources */ = {isa = PBXBuildFile; fileRef = 935C42FD2831C42B00A5E7DB /* Assets.xcassets */; };
		935C43012831C42B00A5E7DB /* Preview Assets.xcassets in Resources */ = {isa = PBXBuildFile; fileRef = 935C43002831C42B00A5E7DB /* Preview Assets.xcassets */; };
		935C430D2831C42B00A5E7DB /* MiniDodamTests.swift in Sources */ = {isa = PBXBuildFile; fileRef = 935C430C2831C42B00A5E7DB /* MiniDodamTests.swift */; };
		935C43172831C42B00A5E7DB /* MiniDodamUITests.swift in Sources */ = {isa = PBXBuildFile; fileRef = 935C43162831C42B00A5E7DB /* MiniDodamUITests.swift */; };
		935C43192831C42B00A5E7DB /* MiniDodamUITestsLaunchTests.swift in Sources */ = {isa = PBXBuildFile; fileRef = 935C43182831C42B00A5E7DB /* MiniDodamUITestsLaunchTests.swift */; };
		93D406602839499300F56386 /* HomeView.swift in Sources */ = {isa = PBXBuildFile; fileRef = 93D4065F2839499300F56386 /* HomeView.swift */; };
		ABD06518271064F2291A5FD1 /* Pods_MiniDodam.framework in Frameworks */ = {isa = PBXBuildFile; fileRef = 9D3BB976C63966C1F760E831 /* Pods_MiniDodam.framework */; };
		B04D60B31DE44CB898AF81DA /* Pods_MiniDodam_WatchKit_App.framework in Frameworks */ = {isa = PBXBuildFile; fileRef = A0791D9F3383B1728AD5E96D /* Pods_MiniDodam_WatchKit_App.framework */; };
/* End PBXBuildFile section */

/* Begin PBXContainerItemProxy section */
		935C42E52831C42900A5E7DB /* PBXContainerItemProxy */ = {
			isa = PBXContainerItemProxy;
			containerPortal = 935C42D92831C42900A5E7DB /* Project object */;
			proxyType = 1;
			remoteGlobalIDString = 935C42E22831C42900A5E7DB;
			remoteInfo = "MiniDodam WatchKit App";
		};
		935C42F02831C42A00A5E7DB /* PBXContainerItemProxy */ = {
			isa = PBXContainerItemProxy;
			containerPortal = 935C42D92831C42900A5E7DB /* Project object */;
			proxyType = 1;
			remoteGlobalIDString = 935C42ED2831C42A00A5E7DB;
			remoteInfo = "MiniDodam WatchKit Extension";
		};
		935C43092831C42B00A5E7DB /* PBXContainerItemProxy */ = {
			isa = PBXContainerItemProxy;
			containerPortal = 935C42D92831C42900A5E7DB /* Project object */;
			proxyType = 1;
			remoteGlobalIDString = 935C42ED2831C42A00A5E7DB;
			remoteInfo = "MiniDodam WatchKit Extension";
		};
		935C43132831C42B00A5E7DB /* PBXContainerItemProxy */ = {
			isa = PBXContainerItemProxy;
			containerPortal = 935C42D92831C42900A5E7DB /* Project object */;
			proxyType = 1;
			remoteGlobalIDString = 935C42E22831C42900A5E7DB;
			remoteInfo = "MiniDodam WatchKit App";
		};
/* End PBXContainerItemProxy section */

/* Begin PBXCopyFilesBuildPhase section */
		935C431F2831C42B00A5E7DB /* Embed App Extensions */ = {
			isa = PBXCopyFilesBuildPhase;
			buildActionMask = 2147483647;
			dstPath = "";
			dstSubfolderSpec = 13;
			files = (
				935C42EF2831C42A00A5E7DB /* MiniDodam WatchKit Extension.appex in Embed App Extensions */,
			);
			name = "Embed App Extensions";
			runOnlyForDeploymentPostprocessing = 0;
		};
		935C43232831C42B00A5E7DB /* Embed Watch Content */ = {
			isa = PBXCopyFilesBuildPhase;
			buildActionMask = 2147483647;
			dstPath = "$(CONTENTS_FOLDER_PATH)/Watch";
			dstSubfolderSpec = 16;
			files = (
				935C42E42831C42900A5E7DB /* 미니도담.app in Embed Watch Content */,
			);
			name = "Embed Watch Content";
			runOnlyForDeploymentPostprocessing = 0;
		};
/* End PBXCopyFilesBuildPhase section */

/* Begin PBXFileReference section */
		246F54CD5AA9A8406561FD59 /* Pods-MiniDodam-MiniDodamUITests.release.xcconfig */ = {isa = PBXFileReference; includeInIndex = 1; lastKnownFileType = text.xcconfig; name = "Pods-MiniDodam-MiniDodamUITests.release.xcconfig"; path = "Target Support Files/Pods-MiniDodam-MiniDodamUITests/Pods-MiniDodam-MiniDodamUITests.release.xcconfig"; sourceTree = "<group>"; };
		2B3DD24E1D9B69FD583DB4CB /* Pods-MiniDodam WatchKit App.debug.xcconfig */ = {isa = PBXFileReference; includeInIndex = 1; lastKnownFileType = text.xcconfig; name = "Pods-MiniDodam WatchKit App.debug.xcconfig"; path = "Target Support Files/Pods-MiniDodam WatchKit App/Pods-MiniDodam WatchKit App.debug.xcconfig"; sourceTree = "<group>"; };
		2CF6C67E8420D628A9A05A08 /* Pods_MiniDodam_WatchKit_Extension.framework */ = {isa = PBXFileReference; explicitFileType = wrapper.framework; includeInIndex = 0; path = Pods_MiniDodam_WatchKit_Extension.framework; sourceTree = BUILT_PRODUCTS_DIR; };
		431D2BB908024C71CD638E33 /* Pods-MiniDodam WatchKit App.release.xcconfig */ = {isa = PBXFileReference; includeInIndex = 1; lastKnownFileType = text.xcconfig; name = "Pods-MiniDodam WatchKit App.release.xcconfig"; path = "Target Support Files/Pods-MiniDodam WatchKit App/Pods-MiniDodam WatchKit App.release.xcconfig"; sourceTree = "<group>"; };
		55EA64C334E56342784F8E63 /* Pods_MiniDodamTests.framework */ = {isa = PBXFileReference; explicitFileType = wrapper.framework; includeInIndex = 0; path = Pods_MiniDodamTests.framework; sourceTree = BUILT_PRODUCTS_DIR; };
		715602B1F3EF39AF8BF2BEE1 /* Pods-MiniDodamTests.release.xcconfig */ = {isa = PBXFileReference; includeInIndex = 1; lastKnownFileType = text.xcconfig; name = "Pods-MiniDodamTests.release.xcconfig"; path = "Target Support Files/Pods-MiniDodamTests/Pods-MiniDodamTests.release.xcconfig"; sourceTree = "<group>"; };
		8AC483BB495DF799AEC63199 /* Pods-MiniDodam WatchKit Extension.debug.xcconfig */ = {isa = PBXFileReference; includeInIndex = 1; lastKnownFileType = text.xcconfig; name = "Pods-MiniDodam WatchKit Extension.debug.xcconfig"; path = "Target Support Files/Pods-MiniDodam WatchKit Extension/Pods-MiniDodam WatchKit Extension.debug.xcconfig"; sourceTree = "<group>"; };
		93299E5728366CAB00BEF7D1 /* RequestAPI.swift */ = {isa = PBXFileReference; lastKnownFileType = sourcecode.swift; path = RequestAPI.swift; sourceTree = "<group>"; };
		9344AD406E209926E47AEAEC /* Pods-MiniDodam WatchKit Extension.release.xcconfig */ = {isa = PBXFileReference; includeInIndex = 1; lastKnownFileType = text.xcconfig; name = "Pods-MiniDodam WatchKit Extension.release.xcconfig"; path = "Target Support Files/Pods-MiniDodam WatchKit Extension/Pods-MiniDodam WatchKit Extension.release.xcconfig"; sourceTree = "<group>"; };
		934E70202831EC8700D733F2 /* MealView.swift */ = {isa = PBXFileReference; lastKnownFileType = sourcecode.swift; path = MealView.swift; sourceTree = "<group>"; };
		934E70222831ECB600D733F2 /* ClassView.swift */ = {isa = PBXFileReference; lastKnownFileType = sourcecode.swift; path = ClassView.swift; sourceTree = "<group>"; };
		934E70242831ECE700D733F2 /* PointView.swift */ = {isa = PBXFileReference; lastKnownFileType = sourcecode.swift; path = PointView.swift; sourceTree = "<group>"; };
		934E70262831ED1E00D733F2 /* SettingsView.swift */ = {isa = PBXFileReference; lastKnownFileType = sourcecode.swift; path = SettingsView.swift; sourceTree = "<group>"; };
		935C42DF2831C42900A5E7DB /* 미니도담.app */ = {isa = PBXFileReference; explicitFileType = wrapper.application; includeInIndex = 0; path = "미니도담.app"; sourceTree = BUILT_PRODUCTS_DIR; };
		935C42E32831C42900A5E7DB /* 미니도담.app */ = {isa = PBXFileReference; explicitFileType = wrapper.application; includeInIndex = 0; path = "미니도담.app"; sourceTree = BUILT_PRODUCTS_DIR; };
		935C42E82831C42A00A5E7DB /* Assets.xcassets */ = {isa = PBXFileReference; lastKnownFileType = folder.assetcatalog; path = Assets.xcassets; sourceTree = "<group>"; };
		935C42EE2831C42A00A5E7DB /* MiniDodam WatchKit Extension.appex */ = {isa = PBXFileReference; explicitFileType = "wrapper.app-extension"; includeInIndex = 0; path = "MiniDodam WatchKit Extension.appex"; sourceTree = BUILT_PRODUCTS_DIR; };
		935C42F32831C42A00A5E7DB /* MiniDodamApp.swift */ = {isa = PBXFileReference; lastKnownFileType = sourcecode.swift; path = MiniDodamApp.swift; sourceTree = "<group>"; };
		935C42F52831C42A00A5E7DB /* ContentView.swift */ = {isa = PBXFileReference; lastKnownFileType = sourcecode.swift; path = ContentView.swift; sourceTree = "<group>"; };
		935C42F72831C42A00A5E7DB /* NotificationController.swift */ = {isa = PBXFileReference; lastKnownFileType = sourcecode.swift; path = NotificationController.swift; sourceTree = "<group>"; };
		935C42F92831C42A00A5E7DB /* NotificationView.swift */ = {isa = PBXFileReference; lastKnownFileType = sourcecode.swift; path = NotificationView.swift; sourceTree = "<group>"; };
		935C42FB2831C42A00A5E7DB /* ComplicationController.swift */ = {isa = PBXFileReference; lastKnownFileType = sourcecode.swift; path = ComplicationController.swift; sourceTree = "<group>"; };
		935C42FD2831C42B00A5E7DB /* Assets.xcassets */ = {isa = PBXFileReference; lastKnownFileType = folder.assetcatalog; path = Assets.xcassets; sourceTree = "<group>"; };
		935C43002831C42B00A5E7DB /* Preview Assets.xcassets */ = {isa = PBXFileReference; lastKnownFileType = folder.assetcatalog; path = "Preview Assets.xcassets"; sourceTree = "<group>"; };
		935C43022831C42B00A5E7DB /* Info.plist */ = {isa = PBXFileReference; lastKnownFileType = text.plist.xml; path = Info.plist; sourceTree = "<group>"; };
		935C43032831C42B00A5E7DB /* PushNotificationPayload.apns */ = {isa = PBXFileReference; lastKnownFileType = text; path = PushNotificationPayload.apns; sourceTree = "<group>"; };
		935C43082831C42B00A5E7DB /* MiniDodamTests.xctest */ = {isa = PBXFileReference; explicitFileType = wrapper.cfbundle; includeInIndex = 0; path = MiniDodamTests.xctest; sourceTree = BUILT_PRODUCTS_DIR; };
		935C430C2831C42B00A5E7DB /* MiniDodamTests.swift */ = {isa = PBXFileReference; lastKnownFileType = sourcecode.swift; path = MiniDodamTests.swift; sourceTree = "<group>"; };
		935C43122831C42B00A5E7DB /* MiniDodamUITests.xctest */ = {isa = PBXFileReference; explicitFileType = wrapper.cfbundle; includeInIndex = 0; path = MiniDodamUITests.xctest; sourceTree = BUILT_PRODUCTS_DIR; };
		935C43162831C42B00A5E7DB /* MiniDodamUITests.swift */ = {isa = PBXFileReference; lastKnownFileType = sourcecode.swift; path = MiniDodamUITests.swift; sourceTree = "<group>"; };
		935C43182831C42B00A5E7DB /* MiniDodamUITestsLaunchTests.swift */ = {isa = PBXFileReference; lastKnownFileType = sourcecode.swift; path = MiniDodamUITestsLaunchTests.swift; sourceTree = "<group>"; };
		93D4065F2839499300F56386 /* HomeView.swift */ = {isa = PBXFileReference; lastKnownFileType = sourcecode.swift; path = HomeView.swift; sourceTree = "<group>"; };
		9D3BB976C63966C1F760E831 /* Pods_MiniDodam.framework */ = {isa = PBXFileReference; explicitFileType = wrapper.framework; includeInIndex = 0; path = Pods_MiniDodam.framework; sourceTree = BUILT_PRODUCTS_DIR; };
		A0791D9F3383B1728AD5E96D /* Pods_MiniDodam_WatchKit_App.framework */ = {isa = PBXFileReference; explicitFileType = wrapper.framework; includeInIndex = 0; path = Pods_MiniDodam_WatchKit_App.framework; sourceTree = BUILT_PRODUCTS_DIR; };
		BBA4AD917EE6C66429439DA7 /* Pods-MiniDodam.debug.xcconfig */ = {isa = PBXFileReference; includeInIndex = 1; lastKnownFileType = text.xcconfig; name = "Pods-MiniDodam.debug.xcconfig"; path = "Target Support Files/Pods-MiniDodam/Pods-MiniDodam.debug.xcconfig"; sourceTree = "<group>"; };
		BE177A70A1540CBF4745D858 /* Pods-MiniDodam.release.xcconfig */ = {isa = PBXFileReference; includeInIndex = 1; lastKnownFileType = text.xcconfig; name = "Pods-MiniDodam.release.xcconfig"; path = "Target Support Files/Pods-MiniDodam/Pods-MiniDodam.release.xcconfig"; sourceTree = "<group>"; };
		C629AEC4894D06909512A16D /* Pods-MiniDodamTests.debug.xcconfig */ = {isa = PBXFileReference; includeInIndex = 1; lastKnownFileType = text.xcconfig; name = "Pods-MiniDodamTests.debug.xcconfig"; path = "Target Support Files/Pods-MiniDodamTests/Pods-MiniDodamTests.debug.xcconfig"; sourceTree = "<group>"; };
		DF7DD848F72C21AC85751B36 /* Pods_MiniDodam_MiniDodamUITests.framework */ = {isa = PBXFileReference; explicitFileType = wrapper.framework; includeInIndex = 0; path = Pods_MiniDodam_MiniDodamUITests.framework; sourceTree = BUILT_PRODUCTS_DIR; };
		E57278E100AA262AAE5E9519 /* Pods-MiniDodam-MiniDodamUITests.debug.xcconfig */ = {isa = PBXFileReference; includeInIndex = 1; lastKnownFileType = text.xcconfig; name = "Pods-MiniDodam-MiniDodamUITests.debug.xcconfig"; path = "Target Support Files/Pods-MiniDodam-MiniDodamUITests/Pods-MiniDodam-MiniDodamUITests.debug.xcconfig"; sourceTree = "<group>"; };
/* End PBXFileReference section */

/* Begin PBXFrameworksBuildPhase section */
		935C42EB2831C42A00A5E7DB /* Frameworks */ = {
			isa = PBXFrameworksBuildPhase;
			buildActionMask = 2147483647;
			files = (
				1786A1281431F6388F7B30EF /* Pods_MiniDodam_WatchKit_Extension.framework in Frameworks */,
			);
			runOnlyForDeploymentPostprocessing = 0;
		};
		935C43052831C42B00A5E7DB /* Frameworks */ = {
			isa = PBXFrameworksBuildPhase;
			buildActionMask = 2147483647;
			files = (
				46B08865D01D2F61A55281CC /* Pods_MiniDodamTests.framework in Frameworks */,
			);
			runOnlyForDeploymentPostprocessing = 0;
		};
		935C430F2831C42B00A5E7DB /* Frameworks */ = {
			isa = PBXFrameworksBuildPhase;
			buildActionMask = 2147483647;
			files = (
				3F473EC86B00F4B187297BF9 /* Pods_MiniDodam_MiniDodamUITests.framework in Frameworks */,
			);
			runOnlyForDeploymentPostprocessing = 0;
		};
		C2C85B2ED1C010642AC0CEFA /* Frameworks */ = {
			isa = PBXFrameworksBuildPhase;
			buildActionMask = 2147483647;
			files = (
				ABD06518271064F2291A5FD1 /* Pods_MiniDodam.framework in Frameworks */,
			);
			runOnlyForDeploymentPostprocessing = 0;
		};
		C3221146F4A6EC37DF5A014E /* Frameworks */ = {
			isa = PBXFrameworksBuildPhase;
			buildActionMask = 2147483647;
			files = (
				B04D60B31DE44CB898AF81DA /* Pods_MiniDodam_WatchKit_App.framework in Frameworks */,
			);
			runOnlyForDeploymentPostprocessing = 0;
		};
/* End PBXFrameworksBuildPhase section */

/* Begin PBXGroup section */
		2C57AACEFCBAB3A51DF10312 /* Frameworks */ = {
			isa = PBXGroup;
			children = (
				9D3BB976C63966C1F760E831 /* Pods_MiniDodam.framework */,
				A0791D9F3383B1728AD5E96D /* Pods_MiniDodam_WatchKit_App.framework */,
				2CF6C67E8420D628A9A05A08 /* Pods_MiniDodam_WatchKit_Extension.framework */,
				DF7DD848F72C21AC85751B36 /* Pods_MiniDodam_MiniDodamUITests.framework */,
				55EA64C334E56342784F8E63 /* Pods_MiniDodamTests.framework */,
			);
			name = Frameworks;
			sourceTree = "<group>";
		};
		935C42D82831C42900A5E7DB = {
			isa = PBXGroup;
			children = (
				935C42E72831C42900A5E7DB /* MiniDodam WatchKit App */,
				935C42F22831C42A00A5E7DB /* MiniDodam WatchKit Extension */,
				935C430B2831C42B00A5E7DB /* MiniDodamTests */,
				935C43152831C42B00A5E7DB /* MiniDodamUITests */,
				935C42E02831C42900A5E7DB /* Products */,
				963118AF92F0E73AE8668667 /* Pods */,
				2C57AACEFCBAB3A51DF10312 /* Frameworks */,
			);
			sourceTree = "<group>";
		};
		935C42E02831C42900A5E7DB /* Products */ = {
			isa = PBXGroup;
			children = (
				935C42DF2831C42900A5E7DB /* 미니도담.app */,
				935C42E32831C42900A5E7DB /* 미니도담.app */,
				935C42EE2831C42A00A5E7DB /* MiniDodam WatchKit Extension.appex */,
				935C43082831C42B00A5E7DB /* MiniDodamTests.xctest */,
				935C43122831C42B00A5E7DB /* MiniDodamUITests.xctest */,
			);
			name = Products;
			sourceTree = "<group>";
		};
		935C42E72831C42900A5E7DB /* MiniDodam WatchKit App */ = {
			isa = PBXGroup;
			children = (
				935C42E82831C42A00A5E7DB /* Assets.xcassets */,
			);
			path = "MiniDodam WatchKit App";
			sourceTree = "<group>";
		};
		935C42F22831C42A00A5E7DB /* MiniDodam WatchKit Extension */ = {
			isa = PBXGroup;
			children = (
				935C42F32831C42A00A5E7DB /* MiniDodamApp.swift */,
				935C42F52831C42A00A5E7DB /* ContentView.swift */,
				93D4065F2839499300F56386 /* HomeView.swift */,
				934E70262831ED1E00D733F2 /* SettingsView.swift */,
				934E70242831ECE700D733F2 /* PointView.swift */,
				93299E5728366CAB00BEF7D1 /* RequestAPI.swift */,
				934E70222831ECB600D733F2 /* ClassView.swift */,
				934E70202831EC8700D733F2 /* MealView.swift */,
				935C42F72831C42A00A5E7DB /* NotificationController.swift */,
				935C42F92831C42A00A5E7DB /* NotificationView.swift */,
				935C42FB2831C42A00A5E7DB /* ComplicationController.swift */,
				935C42FD2831C42B00A5E7DB /* Assets.xcassets */,
				935C43022831C42B00A5E7DB /* Info.plist */,
				935C43032831C42B00A5E7DB /* PushNotificationPayload.apns */,
				935C42FF2831C42B00A5E7DB /* Preview Content */,
			);
			path = "MiniDodam WatchKit Extension";
			sourceTree = "<group>";
		};
		935C42FF2831C42B00A5E7DB /* Preview Content */ = {
			isa = PBXGroup;
			children = (
				935C43002831C42B00A5E7DB /* Preview Assets.xcassets */,
			);
			path = "Preview Content";
			sourceTree = "<group>";
		};
		935C430B2831C42B00A5E7DB /* MiniDodamTests */ = {
			isa = PBXGroup;
			children = (
				935C430C2831C42B00A5E7DB /* MiniDodamTests.swift */,
			);
			path = MiniDodamTests;
			sourceTree = "<group>";
		};
		935C43152831C42B00A5E7DB /* MiniDodamUITests */ = {
			isa = PBXGroup;
			children = (
				935C43162831C42B00A5E7DB /* MiniDodamUITests.swift */,
				935C43182831C42B00A5E7DB /* MiniDodamUITestsLaunchTests.swift */,
			);
			path = MiniDodamUITests;
			sourceTree = "<group>";
		};
		963118AF92F0E73AE8668667 /* Pods */ = {
			isa = PBXGroup;
			children = (
				BBA4AD917EE6C66429439DA7 /* Pods-MiniDodam.debug.xcconfig */,
				BE177A70A1540CBF4745D858 /* Pods-MiniDodam.release.xcconfig */,
				2B3DD24E1D9B69FD583DB4CB /* Pods-MiniDodam WatchKit App.debug.xcconfig */,
				431D2BB908024C71CD638E33 /* Pods-MiniDodam WatchKit App.release.xcconfig */,
				8AC483BB495DF799AEC63199 /* Pods-MiniDodam WatchKit Extension.debug.xcconfig */,
				9344AD406E209926E47AEAEC /* Pods-MiniDodam WatchKit Extension.release.xcconfig */,
				E57278E100AA262AAE5E9519 /* Pods-MiniDodam-MiniDodamUITests.debug.xcconfig */,
				246F54CD5AA9A8406561FD59 /* Pods-MiniDodam-MiniDodamUITests.release.xcconfig */,
				C629AEC4894D06909512A16D /* Pods-MiniDodamTests.debug.xcconfig */,
				715602B1F3EF39AF8BF2BEE1 /* Pods-MiniDodamTests.release.xcconfig */,
			);
			path = Pods;
			sourceTree = "<group>";
		};
/* End PBXGroup section */

/* Begin PBXNativeTarget section */
		935C42DE2831C42900A5E7DB /* MiniDodam */ = {
			isa = PBXNativeTarget;
			buildConfigurationList = 935C43242831C42B00A5E7DB /* Build configuration list for PBXNativeTarget "MiniDodam" */;
			buildPhases = (
				8EE8BF8EF99C8728BD9D9E2C /* [CP] Check Pods Manifest.lock */,
				935C42DD2831C42900A5E7DB /* Resources */,
				935C43232831C42B00A5E7DB /* Embed Watch Content */,
				C2C85B2ED1C010642AC0CEFA /* Frameworks */,
			);
			buildRules = (
			);
			dependencies = (
				935C42E62831C42900A5E7DB /* PBXTargetDependency */,
			);
			name = MiniDodam;
			productName = MiniDodam;
			productReference = 935C42DF2831C42900A5E7DB /* 미니도담.app */;
			productType = "com.apple.product-type.application.watchapp2-container";
		};
		935C42E22831C42900A5E7DB /* MiniDodam WatchKit App */ = {
			isa = PBXNativeTarget;
			buildConfigurationList = 935C43202831C42B00A5E7DB /* Build configuration list for PBXNativeTarget "MiniDodam WatchKit App" */;
			buildPhases = (
				07A2F550BE86E3EABD44FBA7 /* [CP] Check Pods Manifest.lock */,
				935C42E12831C42900A5E7DB /* Resources */,
				935C431F2831C42B00A5E7DB /* Embed App Extensions */,
				C3221146F4A6EC37DF5A014E /* Frameworks */,
			);
			buildRules = (
			);
			dependencies = (
				935C42F12831C42A00A5E7DB /* PBXTargetDependency */,
			);
			name = "MiniDodam WatchKit App";
			productName = "MiniDodam WatchKit App";
			productReference = 935C42E32831C42900A5E7DB /* 미니도담.app */;
			productType = "com.apple.product-type.application.watchapp2";
		};
		935C42ED2831C42A00A5E7DB /* MiniDodam WatchKit Extension */ = {
			isa = PBXNativeTarget;
			buildConfigurationList = 935C431C2831C42B00A5E7DB /* Build configuration list for PBXNativeTarget "MiniDodam WatchKit Extension" */;
			buildPhases = (
				32F5D32005B2370C4B8BAAAB /* [CP] Check Pods Manifest.lock */,
				935C42EA2831C42A00A5E7DB /* Sources */,
				935C42EB2831C42A00A5E7DB /* Frameworks */,
				935C42EC2831C42A00A5E7DB /* Resources */,
				F5AE4AE011DF91EA0F436F8D /* [CP] Embed Pods Frameworks */,
			);
			buildRules = (
			);
			dependencies = (
			);
			name = "MiniDodam WatchKit Extension";
			productName = "MiniDodam WatchKit Extension";
			productReference = 935C42EE2831C42A00A5E7DB /* MiniDodam WatchKit Extension.appex */;
			productType = "com.apple.product-type.watchkit2-extension";
		};
		935C43072831C42B00A5E7DB /* MiniDodamTests */ = {
			isa = PBXNativeTarget;
			buildConfigurationList = 935C43272831C42B00A5E7DB /* Build configuration list for PBXNativeTarget "MiniDodamTests" */;
			buildPhases = (
				D7C17A103794E94A127729F3 /* [CP] Check Pods Manifest.lock */,
				935C43042831C42B00A5E7DB /* Sources */,
				935C43052831C42B00A5E7DB /* Frameworks */,
				935C43062831C42B00A5E7DB /* Resources */,
			);
			buildRules = (
			);
			dependencies = (
				935C430A2831C42B00A5E7DB /* PBXTargetDependency */,
			);
			name = MiniDodamTests;
			productName = MiniDodamTests;
			productReference = 935C43082831C42B00A5E7DB /* MiniDodamTests.xctest */;
			productType = "com.apple.product-type.bundle.unit-test";
		};
		935C43112831C42B00A5E7DB /* MiniDodamUITests */ = {
			isa = PBXNativeTarget;
			buildConfigurationList = 935C432A2831C42B00A5E7DB /* Build configuration list for PBXNativeTarget "MiniDodamUITests" */;
			buildPhases = (
				132488C6094F4557827AEBFB /* [CP] Check Pods Manifest.lock */,
				935C430E2831C42B00A5E7DB /* Sources */,
				935C430F2831C42B00A5E7DB /* Frameworks */,
				935C43102831C42B00A5E7DB /* Resources */,
			);
			buildRules = (
			);
			dependencies = (
				935C43142831C42B00A5E7DB /* PBXTargetDependency */,
			);
			name = MiniDodamUITests;
			productName = MiniDodamUITests;
			productReference = 935C43122831C42B00A5E7DB /* MiniDodamUITests.xctest */;
			productType = "com.apple.product-type.bundle.ui-testing";
		};
/* End PBXNativeTarget section */

/* Begin PBXProject section */
		935C42D92831C42900A5E7DB /* Project object */ = {
			isa = PBXProject;
			attributes = {
				BuildIndependentTargetsInParallel = 1;
				LastSwiftUpdateCheck = 1330;
				LastUpgradeCheck = 1330;
				TargetAttributes = {
					935C42DE2831C42900A5E7DB = {
						CreatedOnToolsVersion = 13.3.1;
					};
					935C42E22831C42900A5E7DB = {
						CreatedOnToolsVersion = 13.3.1;
					};
					935C42ED2831C42A00A5E7DB = {
						CreatedOnToolsVersion = 13.3.1;
					};
					935C43072831C42B00A5E7DB = {
						CreatedOnToolsVersion = 13.3.1;
						TestTargetID = 935C42ED2831C42A00A5E7DB;
					};
					935C43112831C42B00A5E7DB = {
						CreatedOnToolsVersion = 13.3.1;
						TestTargetID = 935C42E22831C42900A5E7DB;
					};
				};
			};
			buildConfigurationList = 935C42DC2831C42900A5E7DB /* Build configuration list for PBXProject "MiniDodam" */;
			compatibilityVersion = "Xcode 13.0";
			developmentRegion = en;
			hasScannedForEncodings = 0;
			knownRegions = (
				en,
				Base,
			);
			mainGroup = 935C42D82831C42900A5E7DB;
			productRefGroup = 935C42E02831C42900A5E7DB /* Products */;
			projectDirPath = "";
			projectRoot = "";
			targets = (
				935C42DE2831C42900A5E7DB /* MiniDodam */,
				935C42E22831C42900A5E7DB /* MiniDodam WatchKit App */,
				935C42ED2831C42A00A5E7DB /* MiniDodam WatchKit Extension */,
				935C43072831C42B00A5E7DB /* MiniDodamTests */,
				935C43112831C42B00A5E7DB /* MiniDodamUITests */,
			);
		};
/* End PBXProject section */

/* Begin PBXResourcesBuildPhase section */
		935C42DD2831C42900A5E7DB /* Resources */ = {
			isa = PBXResourcesBuildPhase;
			buildActionMask = 2147483647;
			files = (
			);
			runOnlyForDeploymentPostprocessing = 0;
		};
		935C42E12831C42900A5E7DB /* Resources */ = {
			isa = PBXResourcesBuildPhase;
			buildActionMask = 2147483647;
			files = (
				935C42E92831C42A00A5E7DB /* Assets.xcassets in Resources */,
			);
			runOnlyForDeploymentPostprocessing = 0;
		};
		935C42EC2831C42A00A5E7DB /* Resources */ = {
			isa = PBXResourcesBuildPhase;
			buildActionMask = 2147483647;
			files = (
				935C43012831C42B00A5E7DB /* Preview Assets.xcassets in Resources */,
				935C42FE2831C42B00A5E7DB /* Assets.xcassets in Resources */,
			);
			runOnlyForDeploymentPostprocessing = 0;
		};
		935C43062831C42B00A5E7DB /* Resources */ = {
			isa = PBXResourcesBuildPhase;
			buildActionMask = 2147483647;
			files = (
			);
			runOnlyForDeploymentPostprocessing = 0;
		};
		935C43102831C42B00A5E7DB /* Resources */ = {
			isa = PBXResourcesBuildPhase;
			buildActionMask = 2147483647;
			files = (
			);
			runOnlyForDeploymentPostprocessing = 0;
		};
/* End PBXResourcesBuildPhase section */

/* Begin PBXShellScriptBuildPhase section */
		07A2F550BE86E3EABD44FBA7 /* [CP] Check Pods Manifest.lock */ = {
			isa = PBXShellScriptBuildPhase;
			buildActionMask = 2147483647;
			files = (
			);
			inputFileListPaths = (
			);
			inputPaths = (
				"${PODS_PODFILE_DIR_PATH}/Podfile.lock",
				"${PODS_ROOT}/Manifest.lock",
			);
			name = "[CP] Check Pods Manifest.lock";
			outputFileListPaths = (
			);
			outputPaths = (
				"$(DERIVED_FILE_DIR)/Pods-MiniDodam WatchKit App-checkManifestLockResult.txt",
			);
			runOnlyForDeploymentPostprocessing = 0;
			shellPath = /bin/sh;
			shellScript = "diff \"${PODS_PODFILE_DIR_PATH}/Podfile.lock\" \"${PODS_ROOT}/Manifest.lock\" > /dev/null\nif [ $? != 0 ] ; then\n    # print error to STDERR\n    echo \"error: The sandbox is not in sync with the Podfile.lock. Run 'pod install' or update your CocoaPods installation.\" >&2\n    exit 1\nfi\n# This output is used by Xcode 'outputs' to avoid re-running this script phase.\necho \"SUCCESS\" > \"${SCRIPT_OUTPUT_FILE_0}\"\n";
			showEnvVarsInLog = 0;
		};
		132488C6094F4557827AEBFB /* [CP] Check Pods Manifest.lock */ = {
			isa = PBXShellScriptBuildPhase;
			buildActionMask = 2147483647;
			files = (
			);
			inputFileListPaths = (
			);
			inputPaths = (
				"${PODS_PODFILE_DIR_PATH}/Podfile.lock",
				"${PODS_ROOT}/Manifest.lock",
			);
			name = "[CP] Check Pods Manifest.lock";
			outputFileListPaths = (
			);
			outputPaths = (
				"$(DERIVED_FILE_DIR)/Pods-MiniDodam-MiniDodamUITests-checkManifestLockResult.txt",
			);
			runOnlyForDeploymentPostprocessing = 0;
			shellPath = /bin/sh;
			shellScript = "diff \"${PODS_PODFILE_DIR_PATH}/Podfile.lock\" \"${PODS_ROOT}/Manifest.lock\" > /dev/null\nif [ $? != 0 ] ; then\n    # print error to STDERR\n    echo \"error: The sandbox is not in sync with the Podfile.lock. Run 'pod install' or update your CocoaPods installation.\" >&2\n    exit 1\nfi\n# This output is used by Xcode 'outputs' to avoid re-running this script phase.\necho \"SUCCESS\" > \"${SCRIPT_OUTPUT_FILE_0}\"\n";
			showEnvVarsInLog = 0;
		};
		32F5D32005B2370C4B8BAAAB /* [CP] Check Pods Manifest.lock */ = {
			isa = PBXShellScriptBuildPhase;
			buildActionMask = 2147483647;
			files = (
			);
			inputFileListPaths = (
			);
			inputPaths = (
				"${PODS_PODFILE_DIR_PATH}/Podfile.lock",
				"${PODS_ROOT}/Manifest.lock",
			);
			name = "[CP] Check Pods Manifest.lock";
			outputFileListPaths = (
			);
			outputPaths = (
				"$(DERIVED_FILE_DIR)/Pods-MiniDodam WatchKit Extension-checkManifestLockResult.txt",
			);
			runOnlyForDeploymentPostprocessing = 0;
			shellPath = /bin/sh;
			shellScript = "diff \"${PODS_PODFILE_DIR_PATH}/Podfile.lock\" \"${PODS_ROOT}/Manifest.lock\" > /dev/null\nif [ $? != 0 ] ; then\n    # print error to STDERR\n    echo \"error: The sandbox is not in sync with the Podfile.lock. Run 'pod install' or update your CocoaPods installation.\" >&2\n    exit 1\nfi\n# This output is used by Xcode 'outputs' to avoid re-running this script phase.\necho \"SUCCESS\" > \"${SCRIPT_OUTPUT_FILE_0}\"\n";
			showEnvVarsInLog = 0;
		};
		8EE8BF8EF99C8728BD9D9E2C /* [CP] Check Pods Manifest.lock */ = {
			isa = PBXShellScriptBuildPhase;
			buildActionMask = 2147483647;
			files = (
			);
			inputFileListPaths = (
			);
			inputPaths = (
				"${PODS_PODFILE_DIR_PATH}/Podfile.lock",
				"${PODS_ROOT}/Manifest.lock",
			);
			name = "[CP] Check Pods Manifest.lock";
			outputFileListPaths = (
			);
			outputPaths = (
				"$(DERIVED_FILE_DIR)/Pods-MiniDodam-checkManifestLockResult.txt",
			);
			runOnlyForDeploymentPostprocessing = 0;
			shellPath = /bin/sh;
			shellScript = "diff \"${PODS_PODFILE_DIR_PATH}/Podfile.lock\" \"${PODS_ROOT}/Manifest.lock\" > /dev/null\nif [ $? != 0 ] ; then\n    # print error to STDERR\n    echo \"error: The sandbox is not in sync with the Podfile.lock. Run 'pod install' or update your CocoaPods installation.\" >&2\n    exit 1\nfi\n# This output is used by Xcode 'outputs' to avoid re-running this script phase.\necho \"SUCCESS\" > \"${SCRIPT_OUTPUT_FILE_0}\"\n";
			showEnvVarsInLog = 0;
		};
		D7C17A103794E94A127729F3 /* [CP] Check Pods Manifest.lock */ = {
			isa = PBXShellScriptBuildPhase;
			buildActionMask = 2147483647;
			files = (
			);
			inputFileListPaths = (
			);
			inputPaths = (
				"${PODS_PODFILE_DIR_PATH}/Podfile.lock",
				"${PODS_ROOT}/Manifest.lock",
			);
			name = "[CP] Check Pods Manifest.lock";
			outputFileListPaths = (
			);
			outputPaths = (
				"$(DERIVED_FILE_DIR)/Pods-MiniDodamTests-checkManifestLockResult.txt",
			);
			runOnlyForDeploymentPostprocessing = 0;
			shellPath = /bin/sh;
			shellScript = "diff \"${PODS_PODFILE_DIR_PATH}/Podfile.lock\" \"${PODS_ROOT}/Manifest.lock\" > /dev/null\nif [ $? != 0 ] ; then\n    # print error to STDERR\n    echo \"error: The sandbox is not in sync with the Podfile.lock. Run 'pod install' or update your CocoaPods installation.\" >&2\n    exit 1\nfi\n# This output is used by Xcode 'outputs' to avoid re-running this script phase.\necho \"SUCCESS\" > \"${SCRIPT_OUTPUT_FILE_0}\"\n";
			showEnvVarsInLog = 0;
		};
		F5AE4AE011DF91EA0F436F8D /* [CP] Embed Pods Frameworks */ = {
			isa = PBXShellScriptBuildPhase;
			buildActionMask = 2147483647;
			files = (
			);
			inputFileListPaths = (
				"${PODS_ROOT}/Target Support Files/Pods-MiniDodam WatchKit Extension/Pods-MiniDodam WatchKit Extension-frameworks-${CONFIGURATION}-input-files.xcfilelist",
			);
			name = "[CP] Embed Pods Frameworks";
			outputFileListPaths = (
				"${PODS_ROOT}/Target Support Files/Pods-MiniDodam WatchKit Extension/Pods-MiniDodam WatchKit Extension-frameworks-${CONFIGURATION}-output-files.xcfilelist",
			);
			runOnlyForDeploymentPostprocessing = 0;
			shellPath = /bin/sh;
			shellScript = "\"${PODS_ROOT}/Target Support Files/Pods-MiniDodam WatchKit Extension/Pods-MiniDodam WatchKit Extension-frameworks.sh\"\n";
			showEnvVarsInLog = 0;
		};
/* End PBXShellScriptBuildPhase section */

/* Begin PBXSourcesBuildPhase section */
		935C42EA2831C42A00A5E7DB /* Sources */ = {
			isa = PBXSourcesBuildPhase;
			buildActionMask = 2147483647;
			files = (
				935C42F82831C42A00A5E7DB /* NotificationController.swift in Sources */,
				935C42F62831C42A00A5E7DB /* ContentView.swift in Sources */,
				935C42FC2831C42A00A5E7DB /* ComplicationController.swift in Sources */,
				934E70252831ECE700D733F2 /* PointView.swift in Sources */,
				934E70232831ECB600D733F2 /* ClassView.swift in Sources */,
				934E70272831ED1E00D733F2 /* SettingsView.swift in Sources */,
				934E70212831EC8700D733F2 /* MealView.swift in Sources */,
				935C42F42831C42A00A5E7DB /* MiniDodamApp.swift in Sources */,
				93D406602839499300F56386 /* HomeView.swift in Sources */,
				935C42FA2831C42A00A5E7DB /* NotificationView.swift in Sources */,
				93299E5828366CAB00BEF7D1 /* RequestAPI.swift in Sources */,
			);
			runOnlyForDeploymentPostprocessing = 0;
		};
		935C43042831C42B00A5E7DB /* Sources */ = {
			isa = PBXSourcesBuildPhase;
			buildActionMask = 2147483647;
			files = (
				935C430D2831C42B00A5E7DB /* MiniDodamTests.swift in Sources */,
			);
			runOnlyForDeploymentPostprocessing = 0;
		};
		935C430E2831C42B00A5E7DB /* Sources */ = {
			isa = PBXSourcesBuildPhase;
			buildActionMask = 2147483647;
			files = (
				935C43172831C42B00A5E7DB /* MiniDodamUITests.swift in Sources */,
				935C43192831C42B00A5E7DB /* MiniDodamUITestsLaunchTests.swift in Sources */,
			);
			runOnlyForDeploymentPostprocessing = 0;
		};
/* End PBXSourcesBuildPhase section */

/* Begin PBXTargetDependency section */
		935C42E62831C42900A5E7DB /* PBXTargetDependency */ = {
			isa = PBXTargetDependency;
			target = 935C42E22831C42900A5E7DB /* MiniDodam WatchKit App */;
			targetProxy = 935C42E52831C42900A5E7DB /* PBXContainerItemProxy */;
		};
		935C42F12831C42A00A5E7DB /* PBXTargetDependency */ = {
			isa = PBXTargetDependency;
			target = 935C42ED2831C42A00A5E7DB /* MiniDodam WatchKit Extension */;
			targetProxy = 935C42F02831C42A00A5E7DB /* PBXContainerItemProxy */;
		};
		935C430A2831C42B00A5E7DB /* PBXTargetDependency */ = {
			isa = PBXTargetDependency;
			target = 935C42ED2831C42A00A5E7DB /* MiniDodam WatchKit Extension */;
			targetProxy = 935C43092831C42B00A5E7DB /* PBXContainerItemProxy */;
		};
		935C43142831C42B00A5E7DB /* PBXTargetDependency */ = {
			isa = PBXTargetDependency;
			target = 935C42E22831C42900A5E7DB /* MiniDodam WatchKit App */;
			targetProxy = 935C43132831C42B00A5E7DB /* PBXContainerItemProxy */;
		};
/* End PBXTargetDependency section */

/* Begin XCBuildConfiguration section */
		935C431A2831C42B00A5E7DB /* Debug */ = {
			isa = XCBuildConfiguration;
			buildSettings = {
				ALWAYS_SEARCH_USER_PATHS = NO;
				CLANG_ANALYZER_NONNULL = YES;
				CLANG_ANALYZER_NUMBER_OBJECT_CONVERSION = YES_AGGRESSIVE;
				CLANG_CXX_LANGUAGE_STANDARD = "gnu++17";
				CLANG_ENABLE_MODULES = YES;
				CLANG_ENABLE_OBJC_ARC = YES;
				CLANG_ENABLE_OBJC_WEAK = YES;
				CLANG_WARN_BLOCK_CAPTURE_AUTORELEASING = YES;
				CLANG_WARN_BOOL_CONVERSION = YES;
				CLANG_WARN_COMMA = YES;
				CLANG_WARN_CONSTANT_CONVERSION = YES;
				CLANG_WARN_DEPRECATED_OBJC_IMPLEMENTATIONS = YES;
				CLANG_WARN_DIRECT_OBJC_ISA_USAGE = YES_ERROR;
				CLANG_WARN_DOCUMENTATION_COMMENTS = YES;
				CLANG_WARN_EMPTY_BODY = YES;
				CLANG_WARN_ENUM_CONVERSION = YES;
				CLANG_WARN_INFINITE_RECURSION = YES;
				CLANG_WARN_INT_CONVERSION = YES;
				CLANG_WARN_NON_LITERAL_NULL_CONVERSION = YES;
				CLANG_WARN_OBJC_IMPLICIT_RETAIN_SELF = YES;
				CLANG_WARN_OBJC_LITERAL_CONVERSION = YES;
				CLANG_WARN_OBJC_ROOT_CLASS = YES_ERROR;
				CLANG_WARN_QUOTED_INCLUDE_IN_FRAMEWORK_HEADER = YES;
				CLANG_WARN_RANGE_LOOP_ANALYSIS = YES;
				CLANG_WARN_STRICT_PROTOTYPES = YES;
				CLANG_WARN_SUSPICIOUS_MOVE = YES;
				CLANG_WARN_UNGUARDED_AVAILABILITY = YES_AGGRESSIVE;
				CLANG_WARN_UNREACHABLE_CODE = YES;
				CLANG_WARN__DUPLICATE_METHOD_MATCH = YES;
				COPY_PHASE_STRIP = NO;
				DEBUG_INFORMATION_FORMAT = dwarf;
				ENABLE_STRICT_OBJC_MSGSEND = YES;
				ENABLE_TESTABILITY = YES;
				GCC_C_LANGUAGE_STANDARD = gnu11;
				GCC_DYNAMIC_NO_PIC = NO;
				GCC_NO_COMMON_BLOCKS = YES;
				GCC_OPTIMIZATION_LEVEL = 0;
				GCC_PREPROCESSOR_DEFINITIONS = (
					"DEBUG=1",
					"$(inherited)",
				);
				GCC_WARN_64_TO_32_BIT_CONVERSION = YES;
				GCC_WARN_ABOUT_RETURN_TYPE = YES_ERROR;
				GCC_WARN_UNDECLARED_SELECTOR = YES;
				GCC_WARN_UNINITIALIZED_AUTOS = YES_AGGRESSIVE;
				GCC_WARN_UNUSED_FUNCTION = YES;
				GCC_WARN_UNUSED_VARIABLE = YES;
				MTL_ENABLE_DEBUG_INFO = INCLUDE_SOURCE;
				MTL_FAST_MATH = YES;
				ONLY_ACTIVE_ARCH = YES;
				SDKROOT = iphoneos;
				SWIFT_ACTIVE_COMPILATION_CONDITIONS = DEBUG;
				SWIFT_OPTIMIZATION_LEVEL = "-Onone";
			};
			name = Debug;
		};
		935C431B2831C42B00A5E7DB /* Release */ = {
			isa = XCBuildConfiguration;
			buildSettings = {
				ALWAYS_SEARCH_USER_PATHS = NO;
				CLANG_ANALYZER_NONNULL = YES;
				CLANG_ANALYZER_NUMBER_OBJECT_CONVERSION = YES_AGGRESSIVE;
				CLANG_CXX_LANGUAGE_STANDARD = "gnu++17";
				CLANG_ENABLE_MODULES = YES;
				CLANG_ENABLE_OBJC_ARC = YES;
				CLANG_ENABLE_OBJC_WEAK = YES;
				CLANG_WARN_BLOCK_CAPTURE_AUTORELEASING = YES;
				CLANG_WARN_BOOL_CONVERSION = YES;
				CLANG_WARN_COMMA = YES;
				CLANG_WARN_CONSTANT_CONVERSION = YES;
				CLANG_WARN_DEPRECATED_OBJC_IMPLEMENTATIONS = YES;
				CLANG_WARN_DIRECT_OBJC_ISA_USAGE = YES_ERROR;
				CLANG_WARN_DOCUMENTATION_COMMENTS = YES;
				CLANG_WARN_EMPTY_BODY = YES;
				CLANG_WARN_ENUM_CONVERSION = YES;
				CLANG_WARN_INFINITE_RECURSION = YES;
				CLANG_WARN_INT_CONVERSION = YES;
				CLANG_WARN_NON_LITERAL_NULL_CONVERSION = YES;
				CLANG_WARN_OBJC_IMPLICIT_RETAIN_SELF = YES;
				CLANG_WARN_OBJC_LITERAL_CONVERSION = YES;
				CLANG_WARN_OBJC_ROOT_CLASS = YES_ERROR;
				CLANG_WARN_QUOTED_INCLUDE_IN_FRAMEWORK_HEADER = YES;
				CLANG_WARN_RANGE_LOOP_ANALYSIS = YES;
				CLANG_WARN_STRICT_PROTOTYPES = YES;
				CLANG_WARN_SUSPICIOUS_MOVE = YES;
				CLANG_WARN_UNGUARDED_AVAILABILITY = YES_AGGRESSIVE;
				CLANG_WARN_UNREACHABLE_CODE = YES;
				CLANG_WARN__DUPLICATE_METHOD_MATCH = YES;
				COPY_PHASE_STRIP = NO;
				DEBUG_INFORMATION_FORMAT = "dwarf-with-dsym";
				ENABLE_NS_ASSERTIONS = NO;
				ENABLE_STRICT_OBJC_MSGSEND = YES;
				GCC_C_LANGUAGE_STANDARD = gnu11;
				GCC_NO_COMMON_BLOCKS = YES;
				GCC_WARN_64_TO_32_BIT_CONVERSION = YES;
				GCC_WARN_ABOUT_RETURN_TYPE = YES_ERROR;
				GCC_WARN_UNDECLARED_SELECTOR = YES;
				GCC_WARN_UNINITIALIZED_AUTOS = YES_AGGRESSIVE;
				GCC_WARN_UNUSED_FUNCTION = YES;
				GCC_WARN_UNUSED_VARIABLE = YES;
				MTL_ENABLE_DEBUG_INFO = NO;
				MTL_FAST_MATH = YES;
				SDKROOT = iphoneos;
				SWIFT_COMPILATION_MODE = wholemodule;
				SWIFT_OPTIMIZATION_LEVEL = "-O";
				VALIDATE_PRODUCT = YES;
			};
			name = Release;
		};
		935C431D2831C42B00A5E7DB /* Debug */ = {
			isa = XCBuildConfiguration;
			baseConfigurationReference = 8AC483BB495DF799AEC63199 /* Pods-MiniDodam WatchKit Extension.debug.xcconfig */;
			buildSettings = {
				ASSETCATALOG_COMPILER_COMPLICATION_NAME = Complication;
				CODE_SIGN_STYLE = Automatic;
				CURRENT_PROJECT_VERSION = 1;
				DEVELOPMENT_ASSET_PATHS = "\"MiniDodam WatchKit Extension/Preview Content\"";
				DEVELOPMENT_TEAM = 56V747V83R;
				ENABLE_PREVIEWS = YES;
				GENERATE_INFOPLIST_FILE = YES;
				INFOPLIST_FILE = "MiniDodam WatchKit Extension/Info.plist";
				INFOPLIST_KEY_CFBundleDisplayName = "미니도담 Extension";
				INFOPLIST_KEY_CLKComplicationPrincipalClass = MiniDodam_WatchKit_Extension.ComplicationController;
				INFOPLIST_KEY_NSHumanReadableCopyright = "";
				INFOPLIST_KEY_WKWatchOnly = YES;
				LD_RUNPATH_SEARCH_PATHS = (
					"$(inherited)",
					"@executable_path/Frameworks",
					"@executable_path/../../Frameworks",
				);
				MARKETING_VERSION = 1.0;
				PRODUCT_BUNDLE_IDENTIFIER = net.mercen.MiniDodam.watchkitapp.watchkitextension;
				PRODUCT_NAME = "${TARGET_NAME}";
				SDKROOT = watchos;
				SKIP_INSTALL = YES;
				SWIFT_EMIT_LOC_STRINGS = YES;
				SWIFT_VERSION = 5.0;
				TARGETED_DEVICE_FAMILY = 4;
				WATCHOS_DEPLOYMENT_TARGET = 8.4;
			};
			name = Debug;
		};
		935C431E2831C42B00A5E7DB /* Release */ = {
			isa = XCBuildConfiguration;
			baseConfigurationReference = 9344AD406E209926E47AEAEC /* Pods-MiniDodam WatchKit Extension.release.xcconfig */;
			buildSettings = {
				ASSETCATALOG_COMPILER_COMPLICATION_NAME = Complication;
				CODE_SIGN_STYLE = Automatic;
				CURRENT_PROJECT_VERSION = 1;
				DEVELOPMENT_ASSET_PATHS = "\"MiniDodam WatchKit Extension/Preview Content\"";
				DEVELOPMENT_TEAM = 56V747V83R;
				ENABLE_PREVIEWS = YES;
				GENERATE_INFOPLIST_FILE = YES;
				INFOPLIST_FILE = "MiniDodam WatchKit Extension/Info.plist";
				INFOPLIST_KEY_CFBundleDisplayName = "미니도담 Extension";
				INFOPLIST_KEY_CLKComplicationPrincipalClass = MiniDodam_WatchKit_Extension.ComplicationController;
				INFOPLIST_KEY_NSHumanReadableCopyright = "";
				INFOPLIST_KEY_WKWatchOnly = YES;
				LD_RUNPATH_SEARCH_PATHS = (
					"$(inherited)",
					"@executable_path/Frameworks",
					"@executable_path/../../Frameworks",
				);
				MARKETING_VERSION = 1.0;
				PRODUCT_BUNDLE_IDENTIFIER = net.mercen.MiniDodam.watchkitapp.watchkitextension;
				PRODUCT_NAME = "${TARGET_NAME}";
				SDKROOT = watchos;
				SKIP_INSTALL = YES;
				SWIFT_EMIT_LOC_STRINGS = YES;
				SWIFT_VERSION = 5.0;
				TARGETED_DEVICE_FAMILY = 4;
				WATCHOS_DEPLOYMENT_TARGET = 8.4;
			};
			name = Release;
		};
		935C43212831C42B00A5E7DB /* Debug */ = {
			isa = XCBuildConfiguration;
			baseConfigurationReference = 2B3DD24E1D9B69FD583DB4CB /* Pods-MiniDodam WatchKit App.debug.xcconfig */;
			buildSettings = {
				ALWAYS_EMBED_SWIFT_STANDARD_LIBRARIES = YES;
				ASSETCATALOG_COMPILER_APPICON_NAME = AppIcon;
				ASSETCATALOG_COMPILER_GLOBAL_ACCENT_COLOR_NAME = AccentColor;
				CODE_SIGN_STYLE = Automatic;
				CURRENT_PROJECT_VERSION = 1;
				DEVELOPMENT_TEAM = 56V747V83R;
				GENERATE_INFOPLIST_FILE = YES;
				IBSC_MODULE = MiniDodam_WatchKit_Extension;
				INFOPLIST_KEY_UISupportedInterfaceOrientations = "UIInterfaceOrientationPortrait UIInterfaceOrientationPortraitUpsideDown";
				MARKETING_VERSION = 1.0;
				PRODUCT_BUNDLE_IDENTIFIER = net.mercen.MiniDodam.watchkitapp;
				PRODUCT_NAME = "미니도담";
				SDKROOT = watchos;
				SKIP_INSTALL = YES;
				SWIFT_EMIT_LOC_STRINGS = YES;
				SWIFT_VERSION = 5.0;
				TARGETED_DEVICE_FAMILY = 4;
				WATCHOS_DEPLOYMENT_TARGET = 8.4;
			};
			name = Debug;
		};
		935C43222831C42B00A5E7DB /* Release */ = {
			isa = XCBuildConfiguration;
			baseConfigurationReference = 431D2BB908024C71CD638E33 /* Pods-MiniDodam WatchKit App.release.xcconfig */;
			buildSettings = {
				ALWAYS_EMBED_SWIFT_STANDARD_LIBRARIES = YES;
				ASSETCATALOG_COMPILER_APPICON_NAME = AppIcon;
				ASSETCATALOG_COMPILER_GLOBAL_ACCENT_COLOR_NAME = AccentColor;
				CODE_SIGN_STYLE = Automatic;
				CURRENT_PROJECT_VERSION = 1;
				DEVELOPMENT_TEAM = 56V747V83R;
				GENERATE_INFOPLIST_FILE = YES;
				IBSC_MODULE = MiniDodam_WatchKit_Extension;
				INFOPLIST_KEY_UISupportedInterfaceOrientations = "UIInterfaceOrientationPortrait UIInterfaceOrientationPortraitUpsideDown";
				MARKETING_VERSION = 1.0;
				PRODUCT_BUNDLE_IDENTIFIER = net.mercen.MiniDodam.watchkitapp;
				PRODUCT_NAME = "미니도담";
				SDKROOT = watchos;
				SKIP_INSTALL = YES;
				SWIFT_EMIT_LOC_STRINGS = YES;
				SWIFT_VERSION = 5.0;
				TARGETED_DEVICE_FAMILY = 4;
				WATCHOS_DEPLOYMENT_TARGET = 8.4;
			};
			name = Release;
		};
		935C43252831C42B00A5E7DB /* Debug */ = {
			isa = XCBuildConfiguration;
			baseConfigurationReference = BBA4AD917EE6C66429439DA7 /* Pods-MiniDodam.debug.xcconfig */;
			buildSettings = {
				CODE_SIGN_STYLE = Automatic;
				CURRENT_PROJECT_VERSION = 1;
				DEVELOPMENT_TEAM = 56V747V83R;
				MARKETING_VERSION = 1.0;
				PRODUCT_BUNDLE_IDENTIFIER = net.mercen.MiniDodam;
				PRODUCT_NAME = "미니도담";
				SWIFT_VERSION = 5.0;
			};
			name = Debug;
		};
		935C43262831C42B00A5E7DB /* Release */ = {
			isa = XCBuildConfiguration;
			baseConfigurationReference = BE177A70A1540CBF4745D858 /* Pods-MiniDodam.release.xcconfig */;
			buildSettings = {
				CODE_SIGN_STYLE = Automatic;
				CURRENT_PROJECT_VERSION = 1;
				DEVELOPMENT_TEAM = 56V747V83R;
				MARKETING_VERSION = 1.0;
				PRODUCT_BUNDLE_IDENTIFIER = net.mercen.MiniDodam;
				PRODUCT_NAME = "미니도담";
				SWIFT_VERSION = 5.0;
			};
			name = Release;
		};
		935C43282831C42B00A5E7DB /* Debug */ = {
			isa = XCBuildConfiguration;
			baseConfigurationReference = C629AEC4894D06909512A16D /* Pods-MiniDodamTests.debug.xcconfig */;
			buildSettings = {
				ALWAYS_EMBED_SWIFT_STANDARD_LIBRARIES = YES;
				BUNDLE_LOADER = "$(TEST_HOST)";
				CODE_SIGN_STYLE = Automatic;
				CURRENT_PROJECT_VERSION = 1;
				DEVELOPMENT_TEAM = 56V747V83R;
				GENERATE_INFOPLIST_FILE = YES;
				MARKETING_VERSION = 1.0;
				PRODUCT_BUNDLE_IDENTIFIER = net.mercen.MiniDodamTests;
				PRODUCT_NAME = "$(TARGET_NAME)";
				SDKROOT = watchos;
				SWIFT_EMIT_LOC_STRINGS = NO;
				SWIFT_VERSION = 5.0;
				TARGETED_DEVICE_FAMILY = 4;
				TEST_HOST = "$(BUILT_PRODUCTS_DIR)/MiniDodam WatchKit Extension.appex/MiniDodam WatchKit Extension";
				WATCHOS_DEPLOYMENT_TARGET = 8.5;
			};
			name = Debug;
		};
		935C43292831C42B00A5E7DB /* Release */ = {
			isa = XCBuildConfiguration;
			baseConfigurationReference = 715602B1F3EF39AF8BF2BEE1 /* Pods-MiniDodamTests.release.xcconfig */;
			buildSettings = {
				ALWAYS_EMBED_SWIFT_STANDARD_LIBRARIES = YES;
				BUNDLE_LOADER = "$(TEST_HOST)";
				CODE_SIGN_STYLE = Automatic;
				CURRENT_PROJECT_VERSION = 1;
				DEVELOPMENT_TEAM = 56V747V83R;
				GENERATE_INFOPLIST_FILE = YES;
				MARKETING_VERSION = 1.0;
				PRODUCT_BUNDLE_IDENTIFIER = net.mercen.MiniDodamTests;
				PRODUCT_NAME = "$(TARGET_NAME)";
				SDKROOT = watchos;
				SWIFT_EMIT_LOC_STRINGS = NO;
				SWIFT_VERSION = 5.0;
				TARGETED_DEVICE_FAMILY = 4;
				TEST_HOST = "$(BUILT_PRODUCTS_DIR)/MiniDodam WatchKit Extension.appex/MiniDodam WatchKit Extension";
				WATCHOS_DEPLOYMENT_TARGET = 8.5;
			};
			name = Release;
		};
		935C432B2831C42B00A5E7DB /* Debug */ = {
			isa = XCBuildConfiguration;
			baseConfigurationReference = E57278E100AA262AAE5E9519 /* Pods-MiniDodam-MiniDodamUITests.debug.xcconfig */;
			buildSettings = {
				CODE_SIGN_STYLE = Automatic;
				CURRENT_PROJECT_VERSION = 1;
				DEVELOPMENT_TEAM = 56V747V83R;
				GENERATE_INFOPLIST_FILE = YES;
				MARKETING_VERSION = 1.0;
				PRODUCT_BUNDLE_IDENTIFIER = net.mercen.MiniDodamUITests;
				PRODUCT_NAME = "$(TARGET_NAME)";
				SDKROOT = watchos;
				SWIFT_EMIT_LOC_STRINGS = NO;
				SWIFT_VERSION = 5.0;
				TARGETED_DEVICE_FAMILY = 4;
				TEST_TARGET_NAME = "MiniDodam WatchKit App";
				WATCHOS_DEPLOYMENT_TARGET = 8.5;
			};
			name = Debug;
		};
		935C432C2831C42B00A5E7DB /* Release */ = {
			isa = XCBuildConfiguration;
			baseConfigurationReference = 246F54CD5AA9A8406561FD59 /* Pods-MiniDodam-MiniDodamUITests.release.xcconfig */;
			buildSettings = {
				CODE_SIGN_STYLE = Automatic;
				CURRENT_PROJECT_VERSION = 1;
				DEVELOPMENT_TEAM = 56V747V83R;
				GENERATE_INFOPLIST_FILE = YES;
				MARKETING_VERSION = 1.0;
				PRODUCT_BUNDLE_IDENTIFIER = net.mercen.MiniDodamUITests;
				PRODUCT_NAME = "$(TARGET_NAME)";
				SDKROOT = watchos;
				SWIFT_EMIT_LOC_STRINGS = NO;
				SWIFT_VERSION = 5.0;
				TARGETED_DEVICE_FAMILY = 4;
				TEST_TARGET_NAME = "MiniDodam WatchKit App";
				WATCHOS_DEPLOYMENT_TARGET = 8.5;
			};
			name = Release;
		};
/* End XCBuildConfiguration section */

/* Begin XCConfigurationList section */
		935C42DC2831C42900A5E7DB /* Build configuration list for PBXProject "MiniDodam" */ = {
			isa = XCConfigurationList;
			buildConfigurations = (
				935C431A2831C42B00A5E7DB /* Debug */,
				935C431B2831C42B00A5E7DB /* Release */,
			);
			defaultConfigurationIsVisible = 0;
			defaultConfigurationName = Release;
		};
		935C431C2831C42B00A5E7DB /* Build configuration list for PBXNativeTarget "MiniDodam WatchKit Extension" */ = {
			isa = XCConfigurationList;
			buildConfigurations = (
				935C431D2831C42B00A5E7DB /* Debug */,
				935C431E2831C42B00A5E7DB /* Release */,
			);
			defaultConfigurationIsVisible = 0;
			defaultConfigurationName = Release;
		};
		935C43202831C42B00A5E7DB /* Build configuration list for PBXNativeTarget "MiniDodam WatchKit App" */ = {
			isa = XCConfigurationList;
			buildConfigurations = (
				935C43212831C42B00A5E7DB /* Debug */,
				935C43222831C42B00A5E7DB /* Release */,
			);
			defaultConfigurationIsVisible = 0;
			defaultConfigurationName = Release;
		};
		935C43242831C42B00A5E7DB /* Build configuration list for PBXNativeTarget "MiniDodam" */ = {
			isa = XCConfigurationList;
			buildConfigurations = (
				935C43252831C42B00A5E7DB /* Debug */,
				935C43262831C42B00A5E7DB /* Release */,
			);
			defaultConfigurationIsVisible = 0;
			defaultConfigurationName = Release;
		};
		935C43272831C42B00A5E7DB /* Build configuration list for PBXNativeTarget "MiniDodamTests" */ = {
			isa = XCConfigurationList;
			buildConfigurations = (
				935C43282831C42B00A5E7DB /* Debug */,
				935C43292831C42B00A5E7DB /* Release */,
			);
			defaultConfigurationIsVisible = 0;
			defaultConfigurationName = Release;
		};
		935C432A2831C42B00A5E7DB /* Build configuration list for PBXNativeTarget "MiniDodamUITests" */ = {
			isa = XCConfigurationList;
			buildConfigurations = (
				935C432B2831C42B00A5E7DB /* Debug */,
				935C432C2831C42B00A5E7DB /* Release */,
			);
			defaultConfigurationIsVisible = 0;
			defaultConfigurationName = Release;
		};
/* End XCConfigurationList section */
	};
	rootObject = 935C42D92831C42900A5E7DB /* Project object */;
}
